// !$*UTF8*$!
{
	archiveVersion = 1;
	classes = {
	};
	objectVersion = 46;
	objects = {

/* Begin PBXBuildFile section */
		BF_05D8089E7A15C48FB9A93017F9DE2984 /* BoringSSL.framework in Embed Frameworks */ = {isa = PBXBuildFile; fileRef = FR_2950B9C59944B0394C8E90ADDC73FF9F /* BoringSSL.framework */; settings = {ATTRIBUTES = (CodeSignOnCopy, RemoveHeadersOnCopy, ); }; };
		BF_065B47F9332008D0E40304100B6CBD0C /* RxSwift.framework in Frameworks */ = {isa = PBXBuildFile; fileRef = FR_160C7A71726F52BDE703E5243CEEB386 /* RxSwift.framework */; };
		BF_08E05438004F2AE05A446461C94246FD /* RxTest.framework in Frameworks */ = {isa = PBXBuildFile; fileRef = FR_7BEADD9B27E0B1A2D04F84F699621B80 /* RxTest.framework */; };
		BF_099439D6018996DAC6D331694DD06E8A /* backend.framework in Frameworks */ = {isa = PBXBuildFile; fileRef = FR_B2CABE224F80B40A686E6EDE452A44B4 /* backend.framework */; };
		BF_0A11664893F185759EF859CEFC5BF57C /* telemetry.pb.swift in Sources */ = {isa = PBXBuildFile; fileRef = FR_F1B8A2065FA04F09B124C6CFC5DE74E9 /* telemetry.pb.swift */; };
		BF_138D6035B4C6F923C30A2B7252BABFD6 /* CameraTest.swift in Sources */ = {isa = PBXBuildFile; fileRef = FR_58E696F7B3E5972E3AF00D8ED3011056 /* CameraTest.swift */; };
		BF_13CDC68D3752324F9A01F5D0EE1F6C22 /* BoringSSL.framework in Frameworks */ = {isa = PBXBuildFile; fileRef = FR_2950B9C59944B0394C8E90ADDC73FF9F /* BoringSSL.framework */; };
		BF_14268B50D86F6FC684EBD2C8170827E4 /* Telemetry.swift in Sources */ = {isa = PBXBuildFile; fileRef = FR_5B564586C171DC3B39D202068F9B4470 /* Telemetry.swift */; };
		BF_172240AE869402A35A81ACF724974097 /* telemetry.grpc.swift in Sources */ = {isa = PBXBuildFile; fileRef = FR_BBC380B5FBA190638D51890F750B4B96 /* telemetry.grpc.swift */; };
		BF_184B14249D87802D1311D02282A98DFA /* calibration.pb.swift in Sources */ = {isa = PBXBuildFile; fileRef = FR_D3132548B3445BDFF0730C425ACA7D22 /* calibration.pb.swift */; };
		BF_18A8D7D963F0C6FD09C9947C67CE3C70 /* RxBlocking.framework in Embed Frameworks */ = {isa = PBXBuildFile; fileRef = FR_5FEE84F34EB0308A13466D09EB1FAF4B /* RxBlocking.framework */; settings = {ATTRIBUTES = (CodeSignOnCopy, RemoveHeadersOnCopy, ); }; };
		BF_1F39FED8BAE05B5EBF3BE84D4A4808AD /* RxSwift.framework in Frameworks */ = {isa = PBXBuildFile; fileRef = FR_160C7A71726F52BDE703E5243CEEB386 /* RxSwift.framework */; };
		BF_28993F08A432CE031B4FC01C81C36A56 /* RxTest.framework in Embed Frameworks */ = {isa = PBXBuildFile; fileRef = FR_7BEADD9B27E0B1A2D04F84F699621B80 /* RxTest.framework */; settings = {ATTRIBUTES = (CodeSignOnCopy, RemoveHeadersOnCopy, ); }; };
		BF_29DBC47D2E8B06E1FCDD67CF92F8F16F /* SwiftProtobuf.framework in Embed Frameworks */ = {isa = PBXBuildFile; fileRef = FR_C72CECF509DF8F346C302F46C5F32F69 /* SwiftProtobuf.framework */; settings = {ATTRIBUTES = (CodeSignOnCopy, RemoveHeadersOnCopy, ); }; };
		BF_2E424D63D7AF5D5E172001DCF3A938E5 /* BoringSSL.framework in Embed Frameworks */ = {isa = PBXBuildFile; fileRef = FR_2950B9C59944B0394C8E90ADDC73FF9F /* BoringSSL.framework */; settings = {ATTRIBUTES = (CodeSignOnCopy, RemoveHeadersOnCopy, ); }; };
		BF_2F2CD93C19932AE2A3A8363E74D36D5C /* CgRPC.framework in Frameworks */ = {isa = PBXBuildFile; fileRef = FR_81CEB367D555C93464D95D9BDD49CC9F /* CgRPC.framework */; };
		BF_3741D6F1EE50B4FCE3E9B62CED9E9FC6 /* ActionTest.swift in Sources */ = {isa = PBXBuildFile; fileRef = FR_EBA83ABD0C0B50327A1132FD6349C64C /* ActionTest.swift */; };
		BF_3772F7672841E78F2E992669B20AA635 /* Dronecode_SDK_Swift.framework in Frameworks */ = {isa = PBXBuildFile; fileRef = FR_82137BC7227989825728C484DC0C1615 /* Dronecode_SDK_Swift.framework */; };
		BF_3AABC5C93CA40C881E86B5DA5C5FDEA1 /* RxBlocking.framework in Embed Frameworks */ = {isa = PBXBuildFile; fileRef = FR_5FEE84F34EB0308A13466D09EB1FAF4B /* RxBlocking.framework */; settings = {ATTRIBUTES = (CodeSignOnCopy, RemoveHeadersOnCopy, ); }; };
		BF_3B255EF91297509A37DF716215B14E23 /* camera.grpc.swift in Sources */ = {isa = PBXBuildFile; fileRef = FR_D82A85EF524E261B87B387578ED96EBF /* camera.grpc.swift */; };
		BF_3CD952CB7140926636628CE8F68158C2 /* SwiftGRPC.framework in Frameworks */ = {isa = PBXBuildFile; fileRef = FR_5D041CBDB086B50EE906850F572FC6C6 /* SwiftGRPC.framework */; };
		BF_3F617C20453E6D71E82779F14D71840A /* SwiftProtobuf.framework in Frameworks */ = {isa = PBXBuildFile; fileRef = FR_C72CECF509DF8F346C302F46C5F32F69 /* SwiftProtobuf.framework */; };
		BF_414203C23EE0D4C50BE12A3D6D7A5612 /* Calibration.swift in Sources */ = {isa = PBXBuildFile; fileRef = FR_E5A9122F4C8DCB173D5D7CA3AB94EF57 /* Calibration.swift */; };
		BF_46894D577553D2B99E60A1DE502E57D4 /* BoringSSL.framework in Frameworks */ = {isa = PBXBuildFile; fileRef = FR_2950B9C59944B0394C8E90ADDC73FF9F /* BoringSSL.framework */; };
		BF_473BC225A72DCFE26546F050392A4D99 /* backend.framework in Frameworks */ = {isa = PBXBuildFile; fileRef = FR_B2CABE224F80B40A686E6EDE452A44B4 /* backend.framework */; };
		BF_488F7DF75627D5A24FFAC9975E473D89 /* CgRPC.framework in Frameworks */ = {isa = PBXBuildFile; fileRef = FR_81CEB367D555C93464D95D9BDD49CC9F /* CgRPC.framework */; };
		BF_4DD73420A084A3192E06DFDCCE3BCA37 /* Core.swift in Sources */ = {isa = PBXBuildFile; fileRef = FR_C780076834FE934EE6F7261285FCE609 /* Core.swift */; };
		BF_4F289F0F30E555680C289DA4DFD9C455 /* RxTest.framework in Frameworks */ = {isa = PBXBuildFile; fileRef = FR_7BEADD9B27E0B1A2D04F84F699621B80 /* RxTest.framework */; };
		BF_534120D1A45D57C867C144DA23545671 /* Info.swift in Sources */ = {isa = PBXBuildFile; fileRef = FR_D935B78007703F268F6060204557261C /* Info.swift */; };
		BF_561B781A04295A7E05C0B0C29A49FC58 /* SwiftGRPC.framework in Frameworks */ = {isa = PBXBuildFile; fileRef = FR_5D041CBDB086B50EE906850F572FC6C6 /* SwiftGRPC.framework */; };
		BF_59A6DB04592A3FEB785F65D31AE32538 /* RxSwift.framework in Embed Frameworks */ = {isa = PBXBuildFile; fileRef = FR_160C7A71726F52BDE703E5243CEEB386 /* RxSwift.framework */; settings = {ATTRIBUTES = (CodeSignOnCopy, RemoveHeadersOnCopy, ); }; };
		BF_60E71275E39C4F95C7605172EB7C25A5 /* SwiftProtobuf.framework in Frameworks */ = {isa = PBXBuildFile; fileRef = FR_C72CECF509DF8F346C302F46C5F32F69 /* SwiftProtobuf.framework */; };
		BF_7157DD58351382D150473C32CAEBD978 /* SwiftGRPC.framework in Frameworks */ = {isa = PBXBuildFile; fileRef = FR_5D041CBDB086B50EE906850F572FC6C6 /* SwiftGRPC.framework */; };
		BF_71DD132FEBF6E23FC8673BCCFF2F4A97 /* info.pb.swift in Sources */ = {isa = PBXBuildFile; fileRef = FR_D9A1AFC61A33C1C580CE7CD29E90FE2B /* info.pb.swift */; };
		BF_763980008B136C2EB8DD3765E3B500DD /* CgRPC.framework in Frameworks */ = {isa = PBXBuildFile; fileRef = FR_81CEB367D555C93464D95D9BDD49CC9F /* CgRPC.framework */; };
		BF_7813F6FDFF97D9453B9229E6754BB25C /* CameraTest.swift in Sources */ = {isa = PBXBuildFile; fileRef = FR_01B68A39E24E517C12AEFC5C512FD54B /* CameraTest.swift */; };
		BF_7AAC750F2907CB4C5355E4F2EB6B9DDD /* CgRPC.framework in Embed Frameworks */ = {isa = PBXBuildFile; fileRef = FR_81CEB367D555C93464D95D9BDD49CC9F /* CgRPC.framework */; settings = {ATTRIBUTES = (CodeSignOnCopy, RemoveHeadersOnCopy, ); }; };
		BF_7CA6AA61874E7BB95CC12D261D8A1682 /* CoreTest.swift in Sources */ = {isa = PBXBuildFile; fileRef = FR_ADFEB5DDD0C62CB1B0467F4BB5F16396 /* CoreTest.swift */; };
		BF_7CFAEAD821DB3B1476EC89981EE489A0 /* CalibrationTest.swift in Sources */ = {isa = PBXBuildFile; fileRef = FR_E4E4ED923986D183370CFC2F46F63A43 /* CalibrationTest.swift */; };
		BF_7D4A0D50DC62AA851197D073556C219C /* SwiftProtobuf.framework in Frameworks */ = {isa = PBXBuildFile; fileRef = FR_C72CECF509DF8F346C302F46C5F32F69 /* SwiftProtobuf.framework */; };
		BF_7D6CC411BE321B9025A7E7D52D8B73AE /* camera.pb.swift in Sources */ = {isa = PBXBuildFile; fileRef = FR_2BA4FFF057C4A8AB495AE207D1B39C0D /* camera.pb.swift */; };
		BF_83031BEDAA61DBC32D2029BF09AE68DA /* Action.swift in Sources */ = {isa = PBXBuildFile; fileRef = FR_9DF65E0C31927493AC775DE4B05B78B7 /* Action.swift */; };
		BF_8E3361BAD97CB0EBC0F03EAF48106A9A /* backend.framework in Embed Frameworks */ = {isa = PBXBuildFile; fileRef = FR_B2CABE224F80B40A686E6EDE452A44B4 /* backend.framework */; settings = {ATTRIBUTES = (CodeSignOnCopy, RemoveHeadersOnCopy, ); }; };
		BF_90627B8B3D3841E818F90E7C7643D999 /* Dronecode_SDK_Swift.framework in Embed Frameworks */ = {isa = PBXBuildFile; fileRef = FR_82137BC7227989825728C484DC0C1615 /* Dronecode_SDK_Swift.framework */; settings = {ATTRIBUTES = (CodeSignOnCopy, RemoveHeadersOnCopy, ); }; };
		BF_9469897B7D4FE15307C49E99284E64E1 /* backend.framework in Embed Frameworks */ = {isa = PBXBuildFile; fileRef = FR_B2CABE224F80B40A686E6EDE452A44B4 /* backend.framework */; settings = {ATTRIBUTES = (CodeSignOnCopy, RemoveHeadersOnCopy, ); }; };
		BF_A1B4A7F36B21CD32D55730C23210B666 /* backend.framework in Frameworks */ = {isa = PBXBuildFile; fileRef = FR_B2CABE224F80B40A686E6EDE452A44B4 /* backend.framework */; };
		BF_A50CAEE9F3542B07CF61FF18225FAAB3 /* CoreTest.swift in Sources */ = {isa = PBXBuildFile; fileRef = FR_653E1E23E224CA36C2A275623F6A7DB6 /* CoreTest.swift */; };
		BF_B0155F8B23A83C15B86C7829ED9124D8 /* BoringSSL.framework in Frameworks */ = {isa = PBXBuildFile; fileRef = FR_2950B9C59944B0394C8E90ADDC73FF9F /* BoringSSL.framework */; };
		BF_B40DCB1F07207FD866CD78261E5B64C0 /* mission.pb.swift in Sources */ = {isa = PBXBuildFile; fileRef = FR_414E441E1CD3D1E6B201AC5D3541A116 /* mission.pb.swift */; };
		BF_B6322F952674265D871172850DA961AB /* ActionTest.swift in Sources */ = {isa = PBXBuildFile; fileRef = FR_FE1D274B50DB4C0951BAE3B5F12F6C47 /* ActionTest.swift */; };
		BF_BB643EB581EB7EE52E1FC6546C7C4980 /* TelemetryTest.swift in Sources */ = {isa = PBXBuildFile; fileRef = FR_5BB24BC4B75518BE3B168AB67E4F9247 /* TelemetryTest.swift */; };
		BF_BC36D870DF36F65E08ABCB35EE1BA278 /* Dronecode_SDK_Swift.framework in Embed Frameworks */ = {isa = PBXBuildFile; fileRef = FR_82137BC7227989825728C484DC0C1615 /* Dronecode_SDK_Swift.framework */; settings = {ATTRIBUTES = (CodeSignOnCopy, RemoveHeadersOnCopy, ); }; };
		BF_BC4C752C8C451290D87EC270214CA7C9 /* Mission.swift in Sources */ = {isa = PBXBuildFile; fileRef = FR_4EA6062A72888D46EEA43AB9E016C0E5 /* Mission.swift */; };
		BF_BE17FDD4941B6FD368E917DCF6974955 /* MissionTest.swift in Sources */ = {isa = PBXBuildFile; fileRef = FR_9D1151BE6EF0550B1D48314D87599E35 /* MissionTest.swift */; };
		BF_C1803E11ABA3938A0A8F9833790E896F /* Dronecode_SDK_Swift.framework in Frameworks */ = {isa = PBXBuildFile; fileRef = FR_82137BC7227989825728C484DC0C1615 /* Dronecode_SDK_Swift.framework */; };
		BF_C5D7C1F9511D5A301081B3F0D9A7AF18 /* action.pb.swift in Sources */ = {isa = PBXBuildFile; fileRef = FR_62B5EDDFA62AC6745B29EF022108E1FE /* action.pb.swift */; };
		BF_CCFF11A061BC7B41945C77341DC72424 /* mission.grpc.swift in Sources */ = {isa = PBXBuildFile; fileRef = FR_C8F16D870D021E3001ECC33653AD866F /* mission.grpc.swift */; };
		BF_CF04E3CA9A4C2C58A46BAE1F04D5703C /* Camera.swift in Sources */ = {isa = PBXBuildFile; fileRef = FR_2F04B840677D495BF0A852423C5B23D2 /* Camera.swift */; };
		BF_D402A1FAC090DA41E222A0997A8F5AAE /* SwiftProtobuf.framework in Embed Frameworks */ = {isa = PBXBuildFile; fileRef = FR_C72CECF509DF8F346C302F46C5F32F69 /* SwiftProtobuf.framework */; settings = {ATTRIBUTES = (CodeSignOnCopy, RemoveHeadersOnCopy, ); }; };
		BF_D866E93A615AEBFBA15B2CF3A0F29E7A /* TelemetryTest.swift in Sources */ = {isa = PBXBuildFile; fileRef = FR_A3039CF407D1ECC59C02CA3C16E98292 /* TelemetryTest.swift */; };
		BF_E0E5AF075CC01F6BF482C18252EBAEDD /* core.grpc.swift in Sources */ = {isa = PBXBuildFile; fileRef = FR_A5EBDA48C8E58C02BB15C2E2A129296D /* core.grpc.swift */; };
		BF_E3F41D1EB689EA389931367741ED0BCD /* MissionTest.swift in Sources */ = {isa = PBXBuildFile; fileRef = FR_971478C4BFD3A9EE6E862613105A5AB0 /* MissionTest.swift */; };
		BF_E69FAAF99ECBBEA22F47E9A0CCD974F7 /* Drone.swift in Sources */ = {isa = PBXBuildFile; fileRef = FR_BB6226CC551BD0029F23C52C07C2F906 /* Drone.swift */; };
		BF_E843F5AE0FE7B4CB8BC768A1E9C439F9 /* info.grpc.swift in Sources */ = {isa = PBXBuildFile; fileRef = FR_0407F0DFFCD2029CD57AD50A4401DBD7 /* info.grpc.swift */; };
		BF_E877CA4D3CD5DFC31C852F88EC100518 /* SwiftGRPC.framework in Embed Frameworks */ = {isa = PBXBuildFile; fileRef = FR_5D041CBDB086B50EE906850F572FC6C6 /* SwiftGRPC.framework */; settings = {ATTRIBUTES = (CodeSignOnCopy, RemoveHeadersOnCopy, ); }; };
		BF_EA01B7B3887360AFDEA2F1FB4987081E /* RxTest.framework in Embed Frameworks */ = {isa = PBXBuildFile; fileRef = FR_7BEADD9B27E0B1A2D04F84F699621B80 /* RxTest.framework */; settings = {ATTRIBUTES = (CodeSignOnCopy, RemoveHeadersOnCopy, ); }; };
		BF_EA9FE68741509060D5D9590FE8FD98E7 /* RxSwift.framework in Frameworks */ = {isa = PBXBuildFile; fileRef = FR_160C7A71726F52BDE703E5243CEEB386 /* RxSwift.framework */; };
		BF_EBD425434CE4DE83706E94882B4F7B9A /* RxBlocking.framework in Frameworks */ = {isa = PBXBuildFile; fileRef = FR_5FEE84F34EB0308A13466D09EB1FAF4B /* RxBlocking.framework */; };
		BF_ECC109D553CF91CBF474139764E9F48B /* calibration.grpc.swift in Sources */ = {isa = PBXBuildFile; fileRef = FR_9C728E0FDC11A148215267D276D56294 /* calibration.grpc.swift */; };
		BF_ED3AC101968DEB2EB53769D9002052EA /* CgRPC.framework in Embed Frameworks */ = {isa = PBXBuildFile; fileRef = FR_81CEB367D555C93464D95D9BDD49CC9F /* CgRPC.framework */; settings = {ATTRIBUTES = (CodeSignOnCopy, RemoveHeadersOnCopy, ); }; };
		BF_F24B6663B39BCC41F1F3C24313E03A7D /* RxBlocking.framework in Frameworks */ = {isa = PBXBuildFile; fileRef = FR_5FEE84F34EB0308A13466D09EB1FAF4B /* RxBlocking.framework */; };
		BF_F262FA8DBF05B825708D282A52686A50 /* action.grpc.swift in Sources */ = {isa = PBXBuildFile; fileRef = FR_A2C1CD992E70095223681E2C37F8A05A /* action.grpc.swift */; };
		BF_F70E5F22FB8042A7C9578E75EDAF87E5 /* SwiftGRPC.framework in Embed Frameworks */ = {isa = PBXBuildFile; fileRef = FR_5D041CBDB086B50EE906850F572FC6C6 /* SwiftGRPC.framework */; settings = {ATTRIBUTES = (CodeSignOnCopy, RemoveHeadersOnCopy, ); }; };
		BF_F8E00CA1ED67C8744DAA1FF51D4AFD60 /* RxSwift.framework in Embed Frameworks */ = {isa = PBXBuildFile; fileRef = FR_160C7A71726F52BDE703E5243CEEB386 /* RxSwift.framework */; settings = {ATTRIBUTES = (CodeSignOnCopy, RemoveHeadersOnCopy, ); }; };
		BF_FE8A8923977E8598DB624AF6D3510FFF /* core.pb.swift in Sources */ = {isa = PBXBuildFile; fileRef = FR_F42F9DB1355155B0749253288E939DB8 /* core.pb.swift */; };
/* End PBXBuildFile section */

/* Begin PBXContainerItemProxy section */
		CIP_2D9A7BD1647E1CEEB62AB287FD5BFB79 /* PBXContainerItemProxy */ = {
			isa = PBXContainerItemProxy;
			containerPortal = P_0DF67B7459ADBDF85B5F4C875AF0CBA1 /* Project object */;
			proxyType = 1;
			remoteGlobalIDString = NT_05952799B6148FF995E6D238E7A58849;
			remoteInfo = Dronecode_SDK_Swift;
		};
		CIP_C195DC8CECF5897091EC1B5AB48A7A09 /* PBXContainerItemProxy */ = {
			isa = PBXContainerItemProxy;
			containerPortal = P_0DF67B7459ADBDF85B5F4C875AF0CBA1 /* Project object */;
			proxyType = 1;
			remoteGlobalIDString = NT_05952799B6148FF995E6D238E7A58849;
			remoteInfo = Dronecode_SDK_Swift;
		};
/* End PBXContainerItemProxy section */

/* Begin PBXCopyFilesBuildPhase section */
		CFBP_0E0F3892B5FAEDA442B17B570B2C0850 /* Embed Frameworks */ = {
			isa = PBXCopyFilesBuildPhase;
			buildActionMask = 2147483647;
			dstPath = "";
			dstSubfolderSpec = 10;
			files = (
				BF_BC36D870DF36F65E08ABCB35EE1BA278 /* Dronecode_SDK_Swift.framework in Embed Frameworks */,
				BF_05D8089E7A15C48FB9A93017F9DE2984 /* BoringSSL.framework in Embed Frameworks */,
				BF_7AAC750F2907CB4C5355E4F2EB6B9DDD /* CgRPC.framework in Embed Frameworks */,
				BF_3AABC5C93CA40C881E86B5DA5C5FDEA1 /* RxBlocking.framework in Embed Frameworks */,
				BF_59A6DB04592A3FEB785F65D31AE32538 /* RxSwift.framework in Embed Frameworks */,
				BF_EA01B7B3887360AFDEA2F1FB4987081E /* RxTest.framework in Embed Frameworks */,
				BF_E877CA4D3CD5DFC31C852F88EC100518 /* SwiftGRPC.framework in Embed Frameworks */,
				BF_D402A1FAC090DA41E222A0997A8F5AAE /* SwiftProtobuf.framework in Embed Frameworks */,
				BF_9469897B7D4FE15307C49E99284E64E1 /* backend.framework in Embed Frameworks */,
			);
			name = "Embed Frameworks";
			runOnlyForDeploymentPostprocessing = 0;
		};
		CFBP_601BFD69610C4CE424FEE41D7AA8BAB5 /* Embed Frameworks */ = {
			isa = PBXCopyFilesBuildPhase;
			buildActionMask = 2147483647;
			dstPath = "";
			dstSubfolderSpec = 10;
			files = (
				BF_90627B8B3D3841E818F90E7C7643D999 /* Dronecode_SDK_Swift.framework in Embed Frameworks */,
				BF_2E424D63D7AF5D5E172001DCF3A938E5 /* BoringSSL.framework in Embed Frameworks */,
				BF_ED3AC101968DEB2EB53769D9002052EA /* CgRPC.framework in Embed Frameworks */,
				BF_18A8D7D963F0C6FD09C9947C67CE3C70 /* RxBlocking.framework in Embed Frameworks */,
				BF_F8E00CA1ED67C8744DAA1FF51D4AFD60 /* RxSwift.framework in Embed Frameworks */,
				BF_28993F08A432CE031B4FC01C81C36A56 /* RxTest.framework in Embed Frameworks */,
				BF_F70E5F22FB8042A7C9578E75EDAF87E5 /* SwiftGRPC.framework in Embed Frameworks */,
				BF_29DBC47D2E8B06E1FCDD67CF92F8F16F /* SwiftProtobuf.framework in Embed Frameworks */,
				BF_8E3361BAD97CB0EBC0F03EAF48106A9A /* backend.framework in Embed Frameworks */,
			);
			name = "Embed Frameworks";
			runOnlyForDeploymentPostprocessing = 0;
		};
/* End PBXCopyFilesBuildPhase section */

/* Begin PBXFileReference section */
		FR_01B68A39E24E517C12AEFC5C512FD54B /* CameraTest.swift */ = {isa = PBXFileReference; lastKnownFileType = sourcecode.swift; path = CameraTest.swift; sourceTree = "<group>"; };
		FR_0407F0DFFCD2029CD57AD50A4401DBD7 /* info.grpc.swift */ = {isa = PBXFileReference; lastKnownFileType = sourcecode.swift; path = info.grpc.swift; sourceTree = "<group>"; };
		FR_160C7A71726F52BDE703E5243CEEB386 /* RxSwift.framework */ = {isa = PBXFileReference; lastKnownFileType = wrapper.framework; path = RxSwift.framework; sourceTree = "<group>"; };
		FR_1CAE5F3273049F73D8B4CC8D7E766C47 /* Dronecode_SDK_SwiftIntegrationTests.xctest */ = {isa = PBXFileReference; includeInIndex = 0; lastKnownFileType = wrapper.cfbundle; path = Dronecode_SDK_SwiftIntegrationTests.xctest; sourceTree = BUILT_PRODUCTS_DIR; };
		FR_2950B9C59944B0394C8E90ADDC73FF9F /* BoringSSL.framework */ = {isa = PBXFileReference; lastKnownFileType = wrapper.framework; path = BoringSSL.framework; sourceTree = "<group>"; };
		FR_2BA4FFF057C4A8AB495AE207D1B39C0D /* camera.pb.swift */ = {isa = PBXFileReference; lastKnownFileType = sourcecode.swift; path = camera.pb.swift; sourceTree = "<group>"; };
		FR_2F04B840677D495BF0A852423C5B23D2 /* Camera.swift */ = {isa = PBXFileReference; lastKnownFileType = sourcecode.swift; path = Camera.swift; sourceTree = "<group>"; };
		FR_32D3E7D8F84DD29EAABB9ADAE678F63E /* Dronecode_SDK_SwiftTests.xctest */ = {isa = PBXFileReference; includeInIndex = 0; lastKnownFileType = wrapper.cfbundle; path = Dronecode_SDK_SwiftTests.xctest; sourceTree = BUILT_PRODUCTS_DIR; };
		FR_414E441E1CD3D1E6B201AC5D3541A116 /* mission.pb.swift */ = {isa = PBXFileReference; lastKnownFileType = sourcecode.swift; path = mission.pb.swift; sourceTree = "<group>"; };
		FR_4EA6062A72888D46EEA43AB9E016C0E5 /* Mission.swift */ = {isa = PBXFileReference; lastKnownFileType = sourcecode.swift; path = Mission.swift; sourceTree = "<group>"; };
		FR_58E696F7B3E5972E3AF00D8ED3011056 /* CameraTest.swift */ = {isa = PBXFileReference; lastKnownFileType = sourcecode.swift; path = CameraTest.swift; sourceTree = "<group>"; };
		FR_5B564586C171DC3B39D202068F9B4470 /* Telemetry.swift */ = {isa = PBXFileReference; lastKnownFileType = sourcecode.swift; path = Telemetry.swift; sourceTree = "<group>"; };
		FR_5BB24BC4B75518BE3B168AB67E4F9247 /* TelemetryTest.swift */ = {isa = PBXFileReference; lastKnownFileType = sourcecode.swift; path = TelemetryTest.swift; sourceTree = "<group>"; };
		FR_5D041CBDB086B50EE906850F572FC6C6 /* SwiftGRPC.framework */ = {isa = PBXFileReference; lastKnownFileType = wrapper.framework; path = SwiftGRPC.framework; sourceTree = "<group>"; };
		FR_5FEE84F34EB0308A13466D09EB1FAF4B /* RxBlocking.framework */ = {isa = PBXFileReference; lastKnownFileType = wrapper.framework; path = RxBlocking.framework; sourceTree = "<group>"; };
		FR_62B5EDDFA62AC6745B29EF022108E1FE /* action.pb.swift */ = {isa = PBXFileReference; lastKnownFileType = sourcecode.swift; path = action.pb.swift; sourceTree = "<group>"; };
		FR_653E1E23E224CA36C2A275623F6A7DB6 /* CoreTest.swift */ = {isa = PBXFileReference; lastKnownFileType = sourcecode.swift; path = CoreTest.swift; sourceTree = "<group>"; };
		FR_7BEADD9B27E0B1A2D04F84F699621B80 /* RxTest.framework */ = {isa = PBXFileReference; lastKnownFileType = wrapper.framework; path = RxTest.framework; sourceTree = "<group>"; };
		FR_81CEB367D555C93464D95D9BDD49CC9F /* CgRPC.framework */ = {isa = PBXFileReference; lastKnownFileType = wrapper.framework; path = CgRPC.framework; sourceTree = "<group>"; };
		FR_82137BC7227989825728C484DC0C1615 /* Dronecode_SDK_Swift.framework */ = {isa = PBXFileReference; explicitFileType = wrapper.framework; includeInIndex = 0; path = Dronecode_SDK_Swift.framework; sourceTree = BUILT_PRODUCTS_DIR; };
		FR_971478C4BFD3A9EE6E862613105A5AB0 /* MissionTest.swift */ = {isa = PBXFileReference; lastKnownFileType = sourcecode.swift; path = MissionTest.swift; sourceTree = "<group>"; };
		FR_9C728E0FDC11A148215267D276D56294 /* calibration.grpc.swift */ = {isa = PBXFileReference; lastKnownFileType = sourcecode.swift; path = calibration.grpc.swift; sourceTree = "<group>"; };
		FR_9D1151BE6EF0550B1D48314D87599E35 /* MissionTest.swift */ = {isa = PBXFileReference; lastKnownFileType = sourcecode.swift; path = MissionTest.swift; sourceTree = "<group>"; };
		FR_9DF65E0C31927493AC775DE4B05B78B7 /* Action.swift */ = {isa = PBXFileReference; lastKnownFileType = sourcecode.swift; path = Action.swift; sourceTree = "<group>"; };
		FR_A2C1CD992E70095223681E2C37F8A05A /* action.grpc.swift */ = {isa = PBXFileReference; lastKnownFileType = sourcecode.swift; path = action.grpc.swift; sourceTree = "<group>"; };
		FR_A3039CF407D1ECC59C02CA3C16E98292 /* TelemetryTest.swift */ = {isa = PBXFileReference; lastKnownFileType = sourcecode.swift; path = TelemetryTest.swift; sourceTree = "<group>"; };
		FR_A5EBDA48C8E58C02BB15C2E2A129296D /* core.grpc.swift */ = {isa = PBXFileReference; lastKnownFileType = sourcecode.swift; path = core.grpc.swift; sourceTree = "<group>"; };
		FR_ADFEB5DDD0C62CB1B0467F4BB5F16396 /* CoreTest.swift */ = {isa = PBXFileReference; lastKnownFileType = sourcecode.swift; path = CoreTest.swift; sourceTree = "<group>"; };
		FR_B2CABE224F80B40A686E6EDE452A44B4 /* backend.framework */ = {isa = PBXFileReference; lastKnownFileType = wrapper.framework; path = backend.framework; sourceTree = "<group>"; };
		FR_BB6226CC551BD0029F23C52C07C2F906 /* Drone.swift */ = {isa = PBXFileReference; lastKnownFileType = sourcecode.swift; path = Drone.swift; sourceTree = "<group>"; };
		FR_BBC380B5FBA190638D51890F750B4B96 /* telemetry.grpc.swift */ = {isa = PBXFileReference; lastKnownFileType = sourcecode.swift; path = telemetry.grpc.swift; sourceTree = "<group>"; };
		FR_C72CECF509DF8F346C302F46C5F32F69 /* SwiftProtobuf.framework */ = {isa = PBXFileReference; lastKnownFileType = wrapper.framework; path = SwiftProtobuf.framework; sourceTree = "<group>"; };
		FR_C780076834FE934EE6F7261285FCE609 /* Core.swift */ = {isa = PBXFileReference; lastKnownFileType = sourcecode.swift; path = Core.swift; sourceTree = "<group>"; };
		FR_C8F16D870D021E3001ECC33653AD866F /* mission.grpc.swift */ = {isa = PBXFileReference; lastKnownFileType = sourcecode.swift; path = mission.grpc.swift; sourceTree = "<group>"; };
		FR_D3132548B3445BDFF0730C425ACA7D22 /* calibration.pb.swift */ = {isa = PBXFileReference; lastKnownFileType = sourcecode.swift; path = calibration.pb.swift; sourceTree = "<group>"; };
		FR_D82A85EF524E261B87B387578ED96EBF /* camera.grpc.swift */ = {isa = PBXFileReference; lastKnownFileType = sourcecode.swift; path = camera.grpc.swift; sourceTree = "<group>"; };
		FR_D935B78007703F268F6060204557261C /* Info.swift */ = {isa = PBXFileReference; lastKnownFileType = sourcecode.swift; path = Info.swift; sourceTree = "<group>"; };
		FR_D9A1AFC61A33C1C580CE7CD29E90FE2B /* info.pb.swift */ = {isa = PBXFileReference; lastKnownFileType = sourcecode.swift; path = info.pb.swift; sourceTree = "<group>"; };
		FR_E4E4ED923986D183370CFC2F46F63A43 /* CalibrationTest.swift */ = {isa = PBXFileReference; lastKnownFileType = sourcecode.swift; path = CalibrationTest.swift; sourceTree = "<group>"; };
		FR_E5A9122F4C8DCB173D5D7CA3AB94EF57 /* Calibration.swift */ = {isa = PBXFileReference; lastKnownFileType = sourcecode.swift; path = Calibration.swift; sourceTree = "<group>"; };
		FR_EBA83ABD0C0B50327A1132FD6349C64C /* ActionTest.swift */ = {isa = PBXFileReference; lastKnownFileType = sourcecode.swift; path = ActionTest.swift; sourceTree = "<group>"; };
		FR_F1B8A2065FA04F09B124C6CFC5DE74E9 /* telemetry.pb.swift */ = {isa = PBXFileReference; lastKnownFileType = sourcecode.swift; path = telemetry.pb.swift; sourceTree = "<group>"; };
		FR_F42F9DB1355155B0749253288E939DB8 /* core.pb.swift */ = {isa = PBXFileReference; lastKnownFileType = sourcecode.swift; path = core.pb.swift; sourceTree = "<group>"; };
		FR_FE1D274B50DB4C0951BAE3B5F12F6C47 /* ActionTest.swift */ = {isa = PBXFileReference; lastKnownFileType = sourcecode.swift; path = ActionTest.swift; sourceTree = "<group>"; };
/* End PBXFileReference section */

/* Begin PBXFrameworksBuildPhase section */
		FBP_23B8D012F46B61D871991FF40BF6B7F6 /* Frameworks */ = {
			isa = PBXFrameworksBuildPhase;
			buildActionMask = 2147483647;
			files = (
				BF_473BC225A72DCFE26546F050392A4D99 /* backend.framework in Frameworks */,
				BF_B0155F8B23A83C15B86C7829ED9124D8 /* BoringSSL.framework in Frameworks */,
				BF_763980008B136C2EB8DD3765E3B500DD /* CgRPC.framework in Frameworks */,
				BF_065B47F9332008D0E40304100B6CBD0C /* RxSwift.framework in Frameworks */,
				BF_7157DD58351382D150473C32CAEBD978 /* SwiftGRPC.framework in Frameworks */,
				BF_7D4A0D50DC62AA851197D073556C219C /* SwiftProtobuf.framework in Frameworks */,
			);
			runOnlyForDeploymentPostprocessing = 0;
		};
		FBP_EA342FE5C78FE0458FBF7AF14F25CE9F /* Frameworks */ = {
			isa = PBXFrameworksBuildPhase;
			buildActionMask = 2147483647;
			files = (
				BF_C1803E11ABA3938A0A8F9833790E896F /* Dronecode_SDK_Swift.framework in Frameworks */,
				BF_A1B4A7F36B21CD32D55730C23210B666 /* backend.framework in Frameworks */,
				BF_46894D577553D2B99E60A1DE502E57D4 /* BoringSSL.framework in Frameworks */,
				BF_488F7DF75627D5A24FFAC9975E473D89 /* CgRPC.framework in Frameworks */,
				BF_F24B6663B39BCC41F1F3C24313E03A7D /* RxBlocking.framework in Frameworks */,
				BF_EA9FE68741509060D5D9590FE8FD98E7 /* RxSwift.framework in Frameworks */,
				BF_08E05438004F2AE05A446461C94246FD /* RxTest.framework in Frameworks */,
				BF_3CD952CB7140926636628CE8F68158C2 /* SwiftGRPC.framework in Frameworks */,
				BF_3F617C20453E6D71E82779F14D71840A /* SwiftProtobuf.framework in Frameworks */,
			);
			runOnlyForDeploymentPostprocessing = 0;
		};
		FBP_F978C7B542C8CDDDB5DAE0F87B10ABD0 /* Frameworks */ = {
			isa = PBXFrameworksBuildPhase;
			buildActionMask = 2147483647;
			files = (
				BF_3772F7672841E78F2E992669B20AA635 /* Dronecode_SDK_Swift.framework in Frameworks */,
				BF_099439D6018996DAC6D331694DD06E8A /* backend.framework in Frameworks */,
				BF_13CDC68D3752324F9A01F5D0EE1F6C22 /* BoringSSL.framework in Frameworks */,
				BF_2F2CD93C19932AE2A3A8363E74D36D5C /* CgRPC.framework in Frameworks */,
				BF_EBD425434CE4DE83706E94882B4F7B9A /* RxBlocking.framework in Frameworks */,
				BF_1F39FED8BAE05B5EBF3BE84D4A4808AD /* RxSwift.framework in Frameworks */,
				BF_4F289F0F30E555680C289DA4DFD9C455 /* RxTest.framework in Frameworks */,
				BF_561B781A04295A7E05C0B0C29A49FC58 /* SwiftGRPC.framework in Frameworks */,
				BF_60E71275E39C4F95C7605172EB7C25A5 /* SwiftProtobuf.framework in Frameworks */,
			);
			runOnlyForDeploymentPostprocessing = 0;
		};
/* End PBXFrameworksBuildPhase section */

/* Begin PBXGroup section */
		G_10E9346382C6466E1C737E2390D3FF9D = {
			isa = PBXGroup;
			children = (
				G_D82FFDE8F97B858D65B74BEDBD1665F5 /* Dronecode-SDK-Swift */,
				G_D9C67E128CBC7F6459DA4CE98AA6F6F9 /* Dronecode-SDK-SwiftIntegrationTests */,
				G_7CDC41F56638F153221926722BCB0BD5 /* Dronecode-SDK-SwiftTests */,
				G_6CEF65D4C2779DDCFD78CAA49D27C78F /* Frameworks */,
				G_707CB6AD353B068D4A68B7527B4BC5B3 /* Products */,
			);
			sourceTree = "<group>";
		};
		G_1A19ABF964EBD7DFD65CA81C0362988E /* Carthage */ = {
			isa = PBXGroup;
			children = (
				G_35061CB1EEC20DFF05048DA9C8E29ABF /* iOS */,
			);
			name = Carthage;
			path = Carthage/Build;
			sourceTree = "<group>";
		};
		G_35061CB1EEC20DFF05048DA9C8E29ABF /* iOS */ = {
			isa = PBXGroup;
			children = (
				FR_B2CABE224F80B40A686E6EDE452A44B4 /* backend.framework */,
				FR_2950B9C59944B0394C8E90ADDC73FF9F /* BoringSSL.framework */,
				FR_81CEB367D555C93464D95D9BDD49CC9F /* CgRPC.framework */,
				FR_5FEE84F34EB0308A13466D09EB1FAF4B /* RxBlocking.framework */,
				FR_160C7A71726F52BDE703E5243CEEB386 /* RxSwift.framework */,
				FR_7BEADD9B27E0B1A2D04F84F699621B80 /* RxTest.framework */,
				FR_5D041CBDB086B50EE906850F572FC6C6 /* SwiftGRPC.framework */,
				FR_C72CECF509DF8F346C302F46C5F32F69 /* SwiftProtobuf.framework */,
			);
			path = iOS;
			sourceTree = "<group>";
		};
		G_39F3212D3A6D806E128EAD9881F82BFB /* Generated */ = {
			isa = PBXGroup;
			children = (
				FR_A2C1CD992E70095223681E2C37F8A05A /* action.grpc.swift */,
				FR_62B5EDDFA62AC6745B29EF022108E1FE /* action.pb.swift */,
				FR_9DF65E0C31927493AC775DE4B05B78B7 /* Action.swift */,
				FR_9C728E0FDC11A148215267D276D56294 /* calibration.grpc.swift */,
				FR_D3132548B3445BDFF0730C425ACA7D22 /* calibration.pb.swift */,
				FR_E5A9122F4C8DCB173D5D7CA3AB94EF57 /* Calibration.swift */,
				FR_D82A85EF524E261B87B387578ED96EBF /* camera.grpc.swift */,
				FR_2BA4FFF057C4A8AB495AE207D1B39C0D /* camera.pb.swift */,
				FR_2F04B840677D495BF0A852423C5B23D2 /* Camera.swift */,
				FR_A5EBDA48C8E58C02BB15C2E2A129296D /* core.grpc.swift */,
				FR_F42F9DB1355155B0749253288E939DB8 /* core.pb.swift */,
				FR_C780076834FE934EE6F7261285FCE609 /* Core.swift */,
				FR_0407F0DFFCD2029CD57AD50A4401DBD7 /* info.grpc.swift */,
				FR_D9A1AFC61A33C1C580CE7CD29E90FE2B /* info.pb.swift */,
				FR_D935B78007703F268F6060204557261C /* Info.swift */,
				FR_C8F16D870D021E3001ECC33653AD866F /* mission.grpc.swift */,
				FR_414E441E1CD3D1E6B201AC5D3541A116 /* mission.pb.swift */,
				FR_4EA6062A72888D46EEA43AB9E016C0E5 /* Mission.swift */,
				FR_BBC380B5FBA190638D51890F750B4B96 /* telemetry.grpc.swift */,
				FR_F1B8A2065FA04F09B124C6CFC5DE74E9 /* telemetry.pb.swift */,
				FR_5B564586C171DC3B39D202068F9B4470 /* Telemetry.swift */,
			);
			path = Generated;
			sourceTree = "<group>";
		};
		G_6CEF65D4C2779DDCFD78CAA49D27C78F /* Frameworks */ = {
			isa = PBXGroup;
			children = (
				G_1A19ABF964EBD7DFD65CA81C0362988E /* Carthage */,
			);
			name = Frameworks;
			sourceTree = "<group>";
		};
		G_707CB6AD353B068D4A68B7527B4BC5B3 /* Products */ = {
			isa = PBXGroup;
			children = (
				FR_82137BC7227989825728C484DC0C1615 /* Dronecode_SDK_Swift.framework */,
				FR_1CAE5F3273049F73D8B4CC8D7E766C47 /* Dronecode_SDK_SwiftIntegrationTests.xctest */,
				FR_32D3E7D8F84DD29EAABB9ADAE678F63E /* Dronecode_SDK_SwiftTests.xctest */,
			);
			name = Products;
			sourceTree = "<group>";
		};
		G_7CDC41F56638F153221926722BCB0BD5 /* Dronecode-SDK-SwiftTests */ = {
			isa = PBXGroup;
			children = (
				FR_FE1D274B50DB4C0951BAE3B5F12F6C47 /* ActionTest.swift */,
				FR_58E696F7B3E5972E3AF00D8ED3011056 /* CameraTest.swift */,
				FR_653E1E23E224CA36C2A275623F6A7DB6 /* CoreTest.swift */,
				FR_9D1151BE6EF0550B1D48314D87599E35 /* MissionTest.swift */,
				FR_A3039CF407D1ECC59C02CA3C16E98292 /* TelemetryTest.swift */,
			);
			name = "Dronecode-SDK-SwiftTests";
			path = "Sources/Dronecode-SDK-SwiftTests";
			sourceTree = "<group>";
		};
		G_D82FFDE8F97B858D65B74BEDBD1665F5 /* Dronecode-SDK-Swift */ = {
			isa = PBXGroup;
			children = (
				FR_BB6226CC551BD0029F23C52C07C2F906 /* Drone.swift */,
				G_39F3212D3A6D806E128EAD9881F82BFB /* Generated */,
			);
			name = "Dronecode-SDK-Swift";
			path = "Sources/Dronecode-SDK-Swift";
			sourceTree = "<group>";
		};
		G_D9C67E128CBC7F6459DA4CE98AA6F6F9 /* Dronecode-SDK-SwiftIntegrationTests */ = {
			isa = PBXGroup;
			children = (
				FR_EBA83ABD0C0B50327A1132FD6349C64C /* ActionTest.swift */,
				FR_E4E4ED923986D183370CFC2F46F63A43 /* CalibrationTest.swift */,
				FR_01B68A39E24E517C12AEFC5C512FD54B /* CameraTest.swift */,
				FR_ADFEB5DDD0C62CB1B0467F4BB5F16396 /* CoreTest.swift */,
				FR_971478C4BFD3A9EE6E862613105A5AB0 /* MissionTest.swift */,
				FR_5BB24BC4B75518BE3B168AB67E4F9247 /* TelemetryTest.swift */,
			);
			name = "Dronecode-SDK-SwiftIntegrationTests";
			path = "Sources/Dronecode-SDK-SwiftIntegrationTests";
			sourceTree = "<group>";
		};
/* End PBXGroup section */

/* Begin PBXNativeTarget section */
		NT_05952799B6148FF995E6D238E7A58849 /* Dronecode_SDK_Swift */ = {
			isa = PBXNativeTarget;
			buildConfigurationList = CL_625A58927192A2A8316C2E50403CD9E3 /* Build configuration list for PBXNativeTarget "Dronecode_SDK_Swift" */;
			buildPhases = (
				SBP_54BD04A3C08EDF681AF301251CC00C57 /* Sources */,
				FBP_23B8D012F46B61D871991FF40BF6B7F6 /* Frameworks */,
			);
			buildRules = (
			);
			dependencies = (
			);
			name = Dronecode_SDK_Swift;
			productName = Dronecode_SDK_Swift;
			productReference = FR_82137BC7227989825728C484DC0C1615 /* Dronecode_SDK_Swift.framework */;
			productType = "com.apple.product-type.framework";
		};
		NT_4DDE12F2BF90E823AE0D34CFD56CDEAF /* Dronecode_SDK_SwiftIntegrationTests */ = {
			isa = PBXNativeTarget;
			buildConfigurationList = CL_2150BEFCEEA48279FB08115C60F301FD /* Build configuration list for PBXNativeTarget "Dronecode_SDK_SwiftIntegrationTests" */;
			buildPhases = (
				SBP_53C0F8729044B939A4B5D90BFBFB91A9 /* Sources */,
				FBP_EA342FE5C78FE0458FBF7AF14F25CE9F /* Frameworks */,
				CFBP_601BFD69610C4CE424FEE41D7AA8BAB5 /* Embed Frameworks */,
			);
			buildRules = (
			);
			dependencies = (
				TD_5815C3018BA3959592EEBD8D896E59EF /* PBXTargetDependency */,
			);
			name = Dronecode_SDK_SwiftIntegrationTests;
			productName = Dronecode_SDK_SwiftIntegrationTests;
			productReference = FR_1CAE5F3273049F73D8B4CC8D7E766C47 /* Dronecode_SDK_SwiftIntegrationTests.xctest */;
			productType = "com.apple.product-type.bundle.unit-test";
		};
		NT_C2CE6F3BFB726F3F68030AE32C88258F /* Dronecode_SDK_SwiftTests */ = {
			isa = PBXNativeTarget;
			buildConfigurationList = CL_97A4C35996AC1C4AC5E994023C13F899 /* Build configuration list for PBXNativeTarget "Dronecode_SDK_SwiftTests" */;
			buildPhases = (
				SBP_CF8A48387491B10B71331A1CA8F79550 /* Sources */,
				FBP_F978C7B542C8CDDDB5DAE0F87B10ABD0 /* Frameworks */,
				CFBP_0E0F3892B5FAEDA442B17B570B2C0850 /* Embed Frameworks */,
			);
			buildRules = (
			);
			dependencies = (
				TD_2193E4EC4CBF660852755AC413A992BC /* PBXTargetDependency */,
			);
			name = Dronecode_SDK_SwiftTests;
			productName = Dronecode_SDK_SwiftTests;
			productReference = FR_32D3E7D8F84DD29EAABB9ADAE678F63E /* Dronecode_SDK_SwiftTests.xctest */;
			productType = "com.apple.product-type.bundle.unit-test";
		};
/* End PBXNativeTarget section */

/* Begin PBXProject section */
		P_0DF67B7459ADBDF85B5F4C875AF0CBA1 /* Project object */ = {
			isa = PBXProject;
			attributes = {
				LastUpgradeCheck = 1000;
			};
			buildConfigurationList = CL_887C155EF8C04B2DA48E0C5788E3CE82 /* Build configuration list for PBXProject "Dronecode-SDK-Swift" */;
			compatibilityVersion = "Xcode 3.2";
			developmentRegion = en;
			hasScannedForEncodings = 0;
			knownRegions = (
				en,
			);
			mainGroup = G_10E9346382C6466E1C737E2390D3FF9D;
			projectDirPath = "";
			projectRoot = "";
			targets = (
				NT_05952799B6148FF995E6D238E7A58849 /* Dronecode_SDK_Swift */,
				NT_4DDE12F2BF90E823AE0D34CFD56CDEAF /* Dronecode_SDK_SwiftIntegrationTests */,
				NT_C2CE6F3BFB726F3F68030AE32C88258F /* Dronecode_SDK_SwiftTests */,
			);
		};
/* End PBXProject section */

/* Begin PBXSourcesBuildPhase section */
		SBP_53C0F8729044B939A4B5D90BFBFB91A9 /* Sources */ = {
			isa = PBXSourcesBuildPhase;
			buildActionMask = 2147483647;
			files = (
				BF_3741D6F1EE50B4FCE3E9B62CED9E9FC6 /* ActionTest.swift in Sources */,
				BF_7CFAEAD821DB3B1476EC89981EE489A0 /* CalibrationTest.swift in Sources */,
				BF_7813F6FDFF97D9453B9229E6754BB25C /* CameraTest.swift in Sources */,
				BF_7CA6AA61874E7BB95CC12D261D8A1682 /* CoreTest.swift in Sources */,
				BF_E3F41D1EB689EA389931367741ED0BCD /* MissionTest.swift in Sources */,
				BF_BB643EB581EB7EE52E1FC6546C7C4980 /* TelemetryTest.swift in Sources */,
			);
			runOnlyForDeploymentPostprocessing = 0;
		};
		SBP_54BD04A3C08EDF681AF301251CC00C57 /* Sources */ = {
			isa = PBXSourcesBuildPhase;
			buildActionMask = 2147483647;
			files = (
				BF_83031BEDAA61DBC32D2029BF09AE68DA /* Action.swift in Sources */,
				BF_414203C23EE0D4C50BE12A3D6D7A5612 /* Calibration.swift in Sources */,
				BF_CF04E3CA9A4C2C58A46BAE1F04D5703C /* Camera.swift in Sources */,
				BF_4DD73420A084A3192E06DFDCCE3BCA37 /* Core.swift in Sources */,
				BF_E69FAAF99ECBBEA22F47E9A0CCD974F7 /* Drone.swift in Sources */,
				BF_534120D1A45D57C867C144DA23545671 /* Info.swift in Sources */,
				BF_BC4C752C8C451290D87EC270214CA7C9 /* Mission.swift in Sources */,
				BF_14268B50D86F6FC684EBD2C8170827E4 /* Telemetry.swift in Sources */,
				BF_F262FA8DBF05B825708D282A52686A50 /* action.grpc.swift in Sources */,
				BF_C5D7C1F9511D5A301081B3F0D9A7AF18 /* action.pb.swift in Sources */,
				BF_ECC109D553CF91CBF474139764E9F48B /* calibration.grpc.swift in Sources */,
				BF_184B14249D87802D1311D02282A98DFA /* calibration.pb.swift in Sources */,
				BF_3B255EF91297509A37DF716215B14E23 /* camera.grpc.swift in Sources */,
				BF_7D6CC411BE321B9025A7E7D52D8B73AE /* camera.pb.swift in Sources */,
				BF_E0E5AF075CC01F6BF482C18252EBAEDD /* core.grpc.swift in Sources */,
				BF_FE8A8923977E8598DB624AF6D3510FFF /* core.pb.swift in Sources */,
				BF_E843F5AE0FE7B4CB8BC768A1E9C439F9 /* info.grpc.swift in Sources */,
				BF_71DD132FEBF6E23FC8673BCCFF2F4A97 /* info.pb.swift in Sources */,
				BF_CCFF11A061BC7B41945C77341DC72424 /* mission.grpc.swift in Sources */,
				BF_B40DCB1F07207FD866CD78261E5B64C0 /* mission.pb.swift in Sources */,
				BF_172240AE869402A35A81ACF724974097 /* telemetry.grpc.swift in Sources */,
				BF_0A11664893F185759EF859CEFC5BF57C /* telemetry.pb.swift in Sources */,
			);
			runOnlyForDeploymentPostprocessing = 0;
		};
		SBP_CF8A48387491B10B71331A1CA8F79550 /* Sources */ = {
			isa = PBXSourcesBuildPhase;
			buildActionMask = 2147483647;
			files = (
				BF_B6322F952674265D871172850DA961AB /* ActionTest.swift in Sources */,
				BF_138D6035B4C6F923C30A2B7252BABFD6 /* CameraTest.swift in Sources */,
				BF_A50CAEE9F3542B07CF61FF18225FAAB3 /* CoreTest.swift in Sources */,
				BF_BE17FDD4941B6FD368E917DCF6974955 /* MissionTest.swift in Sources */,
				BF_D866E93A615AEBFBA15B2CF3A0F29E7A /* TelemetryTest.swift in Sources */,
			);
			runOnlyForDeploymentPostprocessing = 0;
		};
/* End PBXSourcesBuildPhase section */

/* Begin PBXTargetDependency section */
		TD_2193E4EC4CBF660852755AC413A992BC /* PBXTargetDependency */ = {
			isa = PBXTargetDependency;
			target = NT_05952799B6148FF995E6D238E7A58849 /* Dronecode_SDK_Swift */;
			targetProxy = CIP_C195DC8CECF5897091EC1B5AB48A7A09 /* PBXContainerItemProxy */;
		};
		TD_5815C3018BA3959592EEBD8D896E59EF /* PBXTargetDependency */ = {
			isa = PBXTargetDependency;
			target = NT_05952799B6148FF995E6D238E7A58849 /* Dronecode_SDK_Swift */;
			targetProxy = CIP_2D9A7BD1647E1CEEB62AB287FD5BFB79 /* PBXContainerItemProxy */;
		};
/* End PBXTargetDependency section */

/* Begin XCBuildConfiguration section */
		BC_43342435054C769540E65515B413ABFB /* Debug */ = {
			isa = XCBuildConfiguration;
			buildSettings = {
				CODE_SIGN_IDENTITY = "";
				CURRENT_PROJECT_VERSION = 1;
				DEFINES_MODULE = YES;
				DYLIB_COMPATIBILITY_VERSION = 1;
				DYLIB_CURRENT_VERSION = 1;
				DYLIB_INSTALL_NAME_BASE = "@rpath";
				FRAMEWORK_SEARCH_PATHS = (
					"$(inherited)",
					"$(PROJECT_DIR)/Carthage/Build/iOS",
				);
				INSTALL_PATH = "$(LOCAL_LIBRARY_DIR)/Frameworks";
				LD_RUNPATH_SEARCH_PATHS = "$(inherited) @executable_path/Frameworks";
				PRODUCT_BUNDLE_IDENTIFIER = "org.dronecode.sdk.Dronecode-SDK-Swift";
				SDKROOT = iphoneos;
				SKIP_INSTALL = YES;
				TARGETED_DEVICE_FAMILY = "1,2";
				VERSIONING_SYSTEM = "apple-generic";
			};
			name = Debug;
		};
		BC_5EA5F8A4840093BD3EE0AC62BB8FA566 /* Release */ = {
			isa = XCBuildConfiguration;
			buildSettings = {
				CODE_SIGN_IDENTITY = "";
				CURRENT_PROJECT_VERSION = 1;
				DEFINES_MODULE = YES;
				DYLIB_COMPATIBILITY_VERSION = 1;
				DYLIB_CURRENT_VERSION = 1;
				DYLIB_INSTALL_NAME_BASE = "@rpath";
				FRAMEWORK_SEARCH_PATHS = (
					"$(inherited)",
					"$(PROJECT_DIR)/Carthage/Build/iOS",
				);
				INSTALL_PATH = "$(LOCAL_LIBRARY_DIR)/Frameworks";
				LD_RUNPATH_SEARCH_PATHS = "$(inherited) @executable_path/Frameworks";
				PRODUCT_BUNDLE_IDENTIFIER = "org.dronecode.sdk.Dronecode-SDK-Swift";
				SDKROOT = iphoneos;
				SKIP_INSTALL = YES;
				TARGETED_DEVICE_FAMILY = "1,2";
				VERSIONING_SYSTEM = "apple-generic";
			};
			name = Release;
		};
		BC_5EFDB0D22D5CBC572E2ED480D81C720A /* Debug */ = {
			isa = XCBuildConfiguration;
			buildSettings = {
				ALWAYS_SEARCH_USER_PATHS = NO;
				CLANG_ANALYZER_NONNULL = YES;
				CLANG_ANALYZER_NUMBER_OBJECT_CONVERSION = YES_AGGRESSIVE;
				CLANG_CXX_LANGUAGE_STANDARD = "gnu++14";
				CLANG_CXX_LIBRARY = "libc++";
				CLANG_ENABLE_MODULES = YES;
				CLANG_ENABLE_OBJC_ARC = YES;
				CLANG_WARN_BLOCK_CAPTURE_AUTORELEASING = YES;
				CLANG_WARN_BOOL_CONVERSION = YES;
				CLANG_WARN_COMMA = YES;
				CLANG_WARN_CONSTANT_CONVERSION = YES;
				CLANG_WARN_DEPRECATED_OBJC_IMPLEMENTATIONS = YES;
				CLANG_WARN_DIRECT_OBJC_ISA_USAGE = YES_ERROR;
				CLANG_WARN_DOCUMENTATION_COMMENTS = YES;
				CLANG_WARN_EMPTY_BODY = YES;
				CLANG_WARN_ENUM_CONVERSION = YES;
				CLANG_WARN_INFINITE_RECURSION = YES;
				CLANG_WARN_INT_CONVERSION = YES;
				CLANG_WARN_NON_LITERAL_NULL_CONVERSION = YES;
				CLANG_WARN_OBJC_IMPLICIT_RETAIN_SELF = YES;
				CLANG_WARN_OBJC_LITERAL_CONVERSION = YES;
				CLANG_WARN_OBJC_ROOT_CLASS = YES_ERROR;
				CLANG_WARN_RANGE_LOOP_ANALYSIS = YES;
				CLANG_WARN_STRICT_PROTOTYPES = YES;
				CLANG_WARN_SUSPICIOUS_MOVE = YES;
				CLANG_WARN_UNGUARDED_AVAILABILITY = YES_AGGRESSIVE;
				CLANG_WARN_UNREACHABLE_CODE = YES;
				CLANG_WARN__DUPLICATE_METHOD_MATCH = YES;
				COPY_PHASE_STRIP = NO;
				DEBUG_INFORMATION_FORMAT = dwarf;
				ENABLE_BITCODE = NO;
				ENABLE_STRICT_OBJC_MSGSEND = YES;
				ENABLE_TESTABILITY = YES;
				GCC_C_LANGUAGE_STANDARD = gnu11;
				GCC_DYNAMIC_NO_PIC = NO;
				GCC_NO_COMMON_BLOCKS = YES;
				GCC_OPTIMIZATION_LEVEL = 0;
				GCC_PREPROCESSOR_DEFINITIONS = (
					"$(inherited)",
					"DEBUG=1",
				);
				GCC_WARN_64_TO_32_BIT_CONVERSION = YES;
				GCC_WARN_ABOUT_RETURN_TYPE = YES_ERROR;
				GCC_WARN_UNDECLARED_SELECTOR = YES;
				GCC_WARN_UNINITIALIZED_AUTOS = YES_AGGRESSIVE;
				GCC_WARN_UNUSED_FUNCTION = YES;
				GCC_WARN_UNUSED_VARIABLE = YES;
				IPHONEOS_DEPLOYMENT_TARGET = 9.0;
				MTL_ENABLE_DEBUG_INFO = YES;
				ONLY_ACTIVE_ARCH = YES;
				PRODUCT_NAME = "$(TARGET_NAME)";
				SDKROOT = iphoneos;
				SWIFT_ACTIVE_COMPILATION_CONDITIONS = DEBUG;
				SWIFT_OPTIMIZATION_LEVEL = "-Onone";
				SWIFT_VERSION = 4.2;
			};
			name = Debug;
		};
		BC_77359D6C61C9B20636A606ECF5CF870D /* Release */ = {
			isa = XCBuildConfiguration;
			buildSettings = {
				ALWAYS_SEARCH_USER_PATHS = NO;
				CLANG_ANALYZER_NONNULL = YES;
				CLANG_ANALYZER_NUMBER_OBJECT_CONVERSION = YES_AGGRESSIVE;
				CLANG_CXX_LANGUAGE_STANDARD = "gnu++14";
				CLANG_CXX_LIBRARY = "libc++";
				CLANG_ENABLE_MODULES = YES;
				CLANG_ENABLE_OBJC_ARC = YES;
				CLANG_WARN_BLOCK_CAPTURE_AUTORELEASING = YES;
				CLANG_WARN_BOOL_CONVERSION = YES;
				CLANG_WARN_COMMA = YES;
				CLANG_WARN_CONSTANT_CONVERSION = YES;
				CLANG_WARN_DEPRECATED_OBJC_IMPLEMENTATIONS = YES;
				CLANG_WARN_DIRECT_OBJC_ISA_USAGE = YES_ERROR;
				CLANG_WARN_DOCUMENTATION_COMMENTS = YES;
				CLANG_WARN_EMPTY_BODY = YES;
				CLANG_WARN_ENUM_CONVERSION = YES;
				CLANG_WARN_INFINITE_RECURSION = YES;
				CLANG_WARN_INT_CONVERSION = YES;
				CLANG_WARN_NON_LITERAL_NULL_CONVERSION = YES;
				CLANG_WARN_OBJC_IMPLICIT_RETAIN_SELF = YES;
				CLANG_WARN_OBJC_LITERAL_CONVERSION = YES;
				CLANG_WARN_OBJC_ROOT_CLASS = YES_ERROR;
				CLANG_WARN_RANGE_LOOP_ANALYSIS = YES;
				CLANG_WARN_STRICT_PROTOTYPES = YES;
				CLANG_WARN_SUSPICIOUS_MOVE = YES;
				CLANG_WARN_UNGUARDED_AVAILABILITY = YES_AGGRESSIVE;
				CLANG_WARN_UNREACHABLE_CODE = YES;
				CLANG_WARN__DUPLICATE_METHOD_MATCH = YES;
				COPY_PHASE_STRIP = NO;
				DEBUG_INFORMATION_FORMAT = "dwarf-with-dsym";
				ENABLE_BITCODE = NO;
				ENABLE_NS_ASSERTIONS = NO;
				ENABLE_STRICT_OBJC_MSGSEND = YES;
				GCC_C_LANGUAGE_STANDARD = gnu11;
				GCC_NO_COMMON_BLOCKS = YES;
				GCC_WARN_64_TO_32_BIT_CONVERSION = YES;
				GCC_WARN_ABOUT_RETURN_TYPE = YES_ERROR;
				GCC_WARN_UNDECLARED_SELECTOR = YES;
				GCC_WARN_UNINITIALIZED_AUTOS = YES_AGGRESSIVE;
				GCC_WARN_UNUSED_FUNCTION = YES;
				GCC_WARN_UNUSED_VARIABLE = YES;
				IPHONEOS_DEPLOYMENT_TARGET = 9.0;
				PRODUCT_NAME = "$(TARGET_NAME)";
				SDKROOT = iphoneos;
				SWIFT_OPTIMIZATION_LEVEL = "-Owholemodule";
				SWIFT_VERSION = 4.2;
				VALIDATE_PRODUCT = YES;
			};
			name = Release;
		};
		BC_91521A3EAAC5E86FDBD4DA17BDB7C51C /* Release */ = {
			isa = XCBuildConfiguration;
			buildSettings = {
				BUNDLE_LOADER = "$(TEST_HOST)";
				FRAMEWORK_SEARCH_PATHS = (
					"$(inherited)",
					"$(PROJECT_DIR)/Carthage/Build/iOS",
				);
				LD_RUNPATH_SEARCH_PATHS = "$(inherited) @executable_path/Frameworks @loader_path/Frameworks";
				PRODUCT_BUNDLE_IDENTIFIER = "org.dronecode.sdk.Dronecode-SDK-SwiftIntegrationTests";
				SDKROOT = iphoneos;
				TARGETED_DEVICE_FAMILY = "1,2";
			};
			name = Release;
		};
		BC_C078B4DF74083A407035DF674832B7E3 /* Debug */ = {
			isa = XCBuildConfiguration;
			buildSettings = {
				BUNDLE_LOADER = "$(TEST_HOST)";
				FRAMEWORK_SEARCH_PATHS = (
					"$(inherited)",
					"$(PROJECT_DIR)/Carthage/Build/iOS",
				);
				LD_RUNPATH_SEARCH_PATHS = "$(inherited) @executable_path/Frameworks @loader_path/Frameworks";
				PRODUCT_BUNDLE_IDENTIFIER = "org.dronecode.sdk.Dronecode-SDK-SwiftTests";
				SDKROOT = iphoneos;
				TARGETED_DEVICE_FAMILY = "1,2";
			};
			name = Debug;
		};
		BC_C1D6F3A030ECE07B961162B69B5ED0DD /* Debug */ = {
			isa = XCBuildConfiguration;
			buildSettings = {
				BUNDLE_LOADER = "$(TEST_HOST)";
				FRAMEWORK_SEARCH_PATHS = (
					"$(inherited)",
					"$(PROJECT_DIR)/Carthage/Build/iOS",
				);
				LD_RUNPATH_SEARCH_PATHS = "$(inherited) @executable_path/Frameworks @loader_path/Frameworks";
				PRODUCT_BUNDLE_IDENTIFIER = "org.dronecode.sdk.Dronecode-SDK-SwiftIntegrationTests";
				SDKROOT = iphoneos;
				TARGETED_DEVICE_FAMILY = "1,2";
			};
			name = Debug;
		};
		BC_CABC491BC432A3F03938E21F65C08EDC /* Release */ = {
			isa = XCBuildConfiguration;
			buildSettings = {
				BUNDLE_LOADER = "$(TEST_HOST)";
				FRAMEWORK_SEARCH_PATHS = (
					"$(inherited)",
					"$(PROJECT_DIR)/Carthage/Build/iOS",
				);
				LD_RUNPATH_SEARCH_PATHS = "$(inherited) @executable_path/Frameworks @loader_path/Frameworks";
				PRODUCT_BUNDLE_IDENTIFIER = "org.dronecode.sdk.Dronecode-SDK-SwiftTests";
				SDKROOT = iphoneos;
				TARGETED_DEVICE_FAMILY = "1,2";
			};
			name = Release;
		};
/* End XCBuildConfiguration section */

/* Begin XCConfigurationList section */
		CL_2150BEFCEEA48279FB08115C60F301FD /* Build configuration list for PBXNativeTarget "Dronecode_SDK_SwiftIntegrationTests" */ = {
			isa = XCConfigurationList;
			buildConfigurations = (
				BC_C1D6F3A030ECE07B961162B69B5ED0DD /* Debug */,
				BC_91521A3EAAC5E86FDBD4DA17BDB7C51C /* Release */,
			);
			defaultConfigurationIsVisible = 0;
			defaultConfigurationName = "";
		};
		CL_625A58927192A2A8316C2E50403CD9E3 /* Build configuration list for PBXNativeTarget "Dronecode_SDK_Swift" */ = {
			isa = XCConfigurationList;
			buildConfigurations = (
				BC_43342435054C769540E65515B413ABFB /* Debug */,
				BC_5EA5F8A4840093BD3EE0AC62BB8FA566 /* Release */,
			);
			defaultConfigurationIsVisible = 0;
			defaultConfigurationName = "";
		};
		CL_887C155EF8C04B2DA48E0C5788E3CE82 /* Build configuration list for PBXProject "Dronecode-SDK-Swift" */ = {
			isa = XCConfigurationList;
			buildConfigurations = (
				BC_5EFDB0D22D5CBC572E2ED480D81C720A /* Debug */,
				BC_77359D6C61C9B20636A606ECF5CF870D /* Release */,
			);
			defaultConfigurationIsVisible = 0;
			defaultConfigurationName = Debug;
		};
		CL_97A4C35996AC1C4AC5E994023C13F899 /* Build configuration list for PBXNativeTarget "Dronecode_SDK_SwiftTests" */ = {
			isa = XCConfigurationList;
			buildConfigurations = (
				BC_C078B4DF74083A407035DF674832B7E3 /* Debug */,
				BC_CABC491BC432A3F03938E21F65C08EDC /* Release */,
			);
			defaultConfigurationIsVisible = 0;
			defaultConfigurationName = "";
		};
/* End XCConfigurationList section */
	};
	rootObject = P_0DF67B7459ADBDF85B5F4C875AF0CBA1 /* Project object */;
}
