// !$*UTF8*$!
{
	archiveVersion = 1;
	classes = {
	};
	objectVersion = 50;
	objects = {

/* Begin PBXBuildFile section */
		029A0DE13344F44C80E6ECECE83887B3 /* core.pb.swift in Sources */ = {isa = PBXBuildFile; fileRef = 9F44B07373DDF6FD9345B39AC8255B92 /* core.pb.swift */; };
		06C096F2FB998948C0D557393272A7D4 /* Dronecode_SDK_Swift.framework in Frameworks */ = {isa = PBXBuildFile; fileRef = DBFBD38A0302CE074F04B592C1FAB545 /* Dronecode_SDK_Swift.framework */; };
		090F11D1740C661D1DEA555A2576A0EE /* action.pb.swift in Sources */ = {isa = PBXBuildFile; fileRef = 08720EEE283C7191E6273F609FD14121 /* action.pb.swift */; };
		0EA5A0CEB149D5F34F7F6A8F3FC90121 /* ActionTest.swift in Sources */ = {isa = PBXBuildFile; fileRef = 93EB1F082441737CEF735C367734EC57 /* ActionTest.swift */; };
		125274CD5F22C35F73C7FC24A855A235 /* core.grpc.swift in Sources */ = {isa = PBXBuildFile; fileRef = C69404C102DBC49B0DDA8659B1D91ECA /* core.grpc.swift */; };
		12CBE14A5414460440B4EC9053253847 /* gimbal.grpc.swift in Sources */ = {isa = PBXBuildFile; fileRef = A5C2A312903C2AE06A72B892AA3065E2 /* gimbal.grpc.swift */; };
		1386CC2C44EE39ACD5404DCDD8662FF7 /* RxSwift.framework in Embed Frameworks */ = {isa = PBXBuildFile; fileRef = 7E5244AAC958189A61E7622D3150D00D /* RxSwift.framework */; settings = {ATTRIBUTES = (CodeSignOnCopy, RemoveHeadersOnCopy, ); }; };
		14C1C4B6BBD98FF559EF12AAB157B160 /* Dronecode_SDK_Swift.framework in Embed Frameworks */ = {isa = PBXBuildFile; fileRef = DBFBD38A0302CE074F04B592C1FAB545 /* Dronecode_SDK_Swift.framework */; settings = {ATTRIBUTES = (CodeSignOnCopy, RemoveHeadersOnCopy, ); }; };
		15F83C18187143A3246BEFFB9909B0B8 /* Action.swift in Sources */ = {isa = PBXBuildFile; fileRef = 2AE03E4CADBA9AA2E24FC5969808196C /* Action.swift */; };
		17D0D99FE3E448AAC5AF7DB4A2F2C25E /* Core.swift in Sources */ = {isa = PBXBuildFile; fileRef = 416A561713A88B75EE2B3385F0213E7A /* Core.swift */; };
		1BC067431CEAA80B4426778F48E9A71B /* RxSwift.framework in Frameworks */ = {isa = PBXBuildFile; fileRef = 7E5244AAC958189A61E7622D3150D00D /* RxSwift.framework */; };
		1C2B7E261CEE894EBF1A0E386B9CAD2B /* BoringSSL.framework in Frameworks */ = {isa = PBXBuildFile; fileRef = E1E58AC66B72EF6467CF3F24E868093A /* BoringSSL.framework */; };
		2197FC1836FA36FF681CA4A67833FA0D /* mavsdk_server.framework in Frameworks */ = {isa = PBXBuildFile; fileRef = 6F8A9FB3478C4D0CD71EFFFDF427178A /* mavsdk_server.framework */; };
		2554EE3D7A6B4911CF7C9E652F3EFD56 /* SwiftGRPC.framework in Embed Frameworks */ = {isa = PBXBuildFile; fileRef = B5D68D4BD786CB95A331C02355C748BB /* SwiftGRPC.framework */; settings = {ATTRIBUTES = (CodeSignOnCopy, RemoveHeadersOnCopy, ); }; };
		26A432DF40386E33C07A954C4A9CB75E /* mission.grpc.swift in Sources */ = {isa = PBXBuildFile; fileRef = CB6DA7139D6DF99752D1F9E7CA23F2B5 /* mission.grpc.swift */; };
		282D5082B4239CAA93A246CD0F34878F /* BoringSSL.framework in Embed Frameworks */ = {isa = PBXBuildFile; fileRef = E1E58AC66B72EF6467CF3F24E868093A /* BoringSSL.framework */; settings = {ATTRIBUTES = (CodeSignOnCopy, RemoveHeadersOnCopy, ); }; };
		342D52D946BEBDBEADC9DBB9078BB746 /* RxBlocking.framework in Frameworks */ = {isa = PBXBuildFile; fileRef = 5DD59AD6ED108532A48A55CB1D75EE62 /* RxBlocking.framework */; };
		353C1171AC3974D50372AF6B0CE330B5 /* RxSwift.framework in Frameworks */ = {isa = PBXBuildFile; fileRef = 7E5244AAC958189A61E7622D3150D00D /* RxSwift.framework */; };
		386D1165184352AFA3CA0AD544ECC964 /* SwiftProtobuf.framework in Frameworks */ = {isa = PBXBuildFile; fileRef = 1F061E2560D3B03C6A37E8B1055164FE /* SwiftProtobuf.framework */; };
		3CA10A8C9C2BFA61D296AD915DDBFF81 /* RxTest.framework in Embed Frameworks */ = {isa = PBXBuildFile; fileRef = EAC3451AD08C3F9BCF8921B955134915 /* RxTest.framework */; settings = {ATTRIBUTES = (CodeSignOnCopy, RemoveHeadersOnCopy, ); }; };
		409C2FA9584F2D22CC7E8216375D9696 /* BoringSSL.framework in Frameworks */ = {isa = PBXBuildFile; fileRef = E1E58AC66B72EF6467CF3F24E868093A /* BoringSSL.framework */; };
		42A899997BB62B2893F7D8AC19FEA8B1 /* SwiftGRPC.framework in Frameworks */ = {isa = PBXBuildFile; fileRef = B5D68D4BD786CB95A331C02355C748BB /* SwiftGRPC.framework */; };
		45819820FFFB5449F6C9774DAB138E53 /* CalibrationTest.swift in Sources */ = {isa = PBXBuildFile; fileRef = 3712D8872554BDDD6F3A866DDA529161 /* CalibrationTest.swift */; };
		4596FF4AE2BCBCE1EAF1973B94DB8D4D /* RxBlocking.framework in Frameworks */ = {isa = PBXBuildFile; fileRef = 5DD59AD6ED108532A48A55CB1D75EE62 /* RxBlocking.framework */; };
		4DCA2108C0B326FDA97DB23EA4630057 /* CgRPC.framework in Frameworks */ = {isa = PBXBuildFile; fileRef = E210BB492EEC6370DA46EAD1DBB6A844 /* CgRPC.framework */; };
		4FD58FBDA33781123858A419330EC99B /* SwiftGRPC.framework in Embed Frameworks */ = {isa = PBXBuildFile; fileRef = B5D68D4BD786CB95A331C02355C748BB /* SwiftGRPC.framework */; settings = {ATTRIBUTES = (CodeSignOnCopy, RemoveHeadersOnCopy, ); }; };
		507338810B507E6ACFBE56137DA2F1AD /* CgRPC.framework in Frameworks */ = {isa = PBXBuildFile; fileRef = E210BB492EEC6370DA46EAD1DBB6A844 /* CgRPC.framework */; };
		5961950A8C4C84F4945A2EF27D96978A /* SwiftProtobuf.framework in Frameworks */ = {isa = PBXBuildFile; fileRef = 1F061E2560D3B03C6A37E8B1055164FE /* SwiftProtobuf.framework */; };
		5A84C65BFF8931D0F1E16943AE0222AD /* ActionTest.swift in Sources */ = {isa = PBXBuildFile; fileRef = E75DBE91502D0C6A5D3C3259B958C4EA /* ActionTest.swift */; };
		5FD3C86EE2D3AC3E95F51A8B5ACCA6B7 /* MissionTest.swift in Sources */ = {isa = PBXBuildFile; fileRef = 38EA0B025FAAFCCFCA401D43CFC990B3 /* MissionTest.swift */; };
		72428848B9FC42D59C27D06A061A410D /* CgRPC.framework in Embed Frameworks */ = {isa = PBXBuildFile; fileRef = E210BB492EEC6370DA46EAD1DBB6A844 /* CgRPC.framework */; settings = {ATTRIBUTES = (CodeSignOnCopy, RemoveHeadersOnCopy, ); }; };
		75575FE8AA8EC32CDCB2BFCF6803FCF5 /* CoreTest.swift in Sources */ = {isa = PBXBuildFile; fileRef = 42B1513F74AFC768482815FAE4B65CEB /* CoreTest.swift */; };
		759E190A8A9B3663504722D3BEA51EB9 /* MissionTest.swift in Sources */ = {isa = PBXBuildFile; fileRef = DB332CA89F70EB462A68EE483E44D262 /* MissionTest.swift */; };
		75B8C1E2CCC76024DCA43FAA57D96955 /* param.grpc.swift in Sources */ = {isa = PBXBuildFile; fileRef = DAA1DA996952AF1AAC513755CAB6B014 /* param.grpc.swift */; };
		76C07BD10312370BB5AFBFFA4983E86D /* BoringSSL.framework in Frameworks */ = {isa = PBXBuildFile; fileRef = E1E58AC66B72EF6467CF3F24E868093A /* BoringSSL.framework */; };
		791071DB00CAC0CCD6AAD84114FF38CE /* SwiftProtobuf.framework in Embed Frameworks */ = {isa = PBXBuildFile; fileRef = 1F061E2560D3B03C6A37E8B1055164FE /* SwiftProtobuf.framework */; settings = {ATTRIBUTES = (CodeSignOnCopy, RemoveHeadersOnCopy, ); }; };
		81BDD2F501DD907328E4CCFF5351E3CD /* Gimbal.swift in Sources */ = {isa = PBXBuildFile; fileRef = 75C701254A3BABAB4393788334B20F0A /* Gimbal.swift */; };
		82DF7BCF1D889353998CEA6E6BE1AAEB /* mavsdk_server.framework in Frameworks */ = {isa = PBXBuildFile; fileRef = 6F8A9FB3478C4D0CD71EFFFDF427178A /* mavsdk_server.framework */; };
		8458710B214AD43439C368F7B3234CBA /* SwiftGRPC.framework in Frameworks */ = {isa = PBXBuildFile; fileRef = B5D68D4BD786CB95A331C02355C748BB /* SwiftGRPC.framework */; };
		87958D8672FCDE3FB56F2B319DA8B567 /* camera.pb.swift in Sources */ = {isa = PBXBuildFile; fileRef = 68E5383BC2E1E3AB05DD9632697C253B /* camera.pb.swift */; };
		89902562B8E88DF5A3F2099CD2BF8EB7 /* RxBlocking.framework in Embed Frameworks */ = {isa = PBXBuildFile; fileRef = 5DD59AD6ED108532A48A55CB1D75EE62 /* RxBlocking.framework */; settings = {ATTRIBUTES = (CodeSignOnCopy, RemoveHeadersOnCopy, ); }; };
		8CA444B4EB702C4BB31F7C6286731CFD /* mavsdk_server.framework in Frameworks */ = {isa = PBXBuildFile; fileRef = 6F8A9FB3478C4D0CD71EFFFDF427178A /* mavsdk_server.framework */; };
		8D07BE120BE1074CADCBE44D77F07F8E /* camera.grpc.swift in Sources */ = {isa = PBXBuildFile; fileRef = 3CB1586F302C7495DC6A534E0EE49BDE /* camera.grpc.swift */; };
		8E8B1E4A95C213F54E3129B5332A0FA0 /* mavsdk_server.framework in Embed Frameworks */ = {isa = PBXBuildFile; fileRef = 6F8A9FB3478C4D0CD71EFFFDF427178A /* mavsdk_server.framework */; settings = {ATTRIBUTES = (CodeSignOnCopy, RemoveHeadersOnCopy, ); }; };
		8F17D0E35A62B3F236E62726367F9B41 /* calibration.pb.swift in Sources */ = {isa = PBXBuildFile; fileRef = 3EBE7A2B75761D53F8CBA2B00F153632 /* calibration.pb.swift */; };
		91BE6A9C894832774E78195505E08030 /* RxBlocking.framework in Embed Frameworks */ = {isa = PBXBuildFile; fileRef = 5DD59AD6ED108532A48A55CB1D75EE62 /* RxBlocking.framework */; settings = {ATTRIBUTES = (CodeSignOnCopy, RemoveHeadersOnCopy, ); }; };
		946286A83E3B1CF5399D8F6473085AF4 /* BoringSSL.framework in Embed Frameworks */ = {isa = PBXBuildFile; fileRef = E1E58AC66B72EF6467CF3F24E868093A /* BoringSSL.framework */; settings = {ATTRIBUTES = (CodeSignOnCopy, RemoveHeadersOnCopy, ); }; };
		954BF08952F1DB9258DDDA4427B38052 /* SwiftProtobuf.framework in Frameworks */ = {isa = PBXBuildFile; fileRef = 1F061E2560D3B03C6A37E8B1055164FE /* SwiftProtobuf.framework */; };
		955E1E68E37513775667637A4B775123 /* telemetry.grpc.swift in Sources */ = {isa = PBXBuildFile; fileRef = 44C65EB1AC91A0A2FFE676496D99171A /* telemetry.grpc.swift */; };
		995313BA3D20A7EB1267DDBED7BB54A8 /* action.grpc.swift in Sources */ = {isa = PBXBuildFile; fileRef = 1BE97FDAD3BA223A1B1E0B3818AA313C /* action.grpc.swift */; };
		9D6697E02F2DB432F157BFA49E1A6A06 /* Info.swift in Sources */ = {isa = PBXBuildFile; fileRef = A19BDAA4826FE6EC5482DD08687917BE /* Info.swift */; };
		9DA5F93EFD73473D35F564F668CE67E0 /* mavsdk_server.framework in Embed Frameworks */ = {isa = PBXBuildFile; fileRef = 6F8A9FB3478C4D0CD71EFFFDF427178A /* mavsdk_server.framework */; settings = {ATTRIBUTES = (CodeSignOnCopy, RemoveHeadersOnCopy, ); }; };
		9F71A508B59631F50B9393826A5A3316 /* Param.swift in Sources */ = {isa = PBXBuildFile; fileRef = 2C74F8D2D7285CF0FD151832C8C96F34 /* Param.swift */; };
		A0DE63959E2DBAB3B7B394C4313F68B3 /* param.pb.swift in Sources */ = {isa = PBXBuildFile; fileRef = 9923E17ABC608B39494F9DD0E9276A86 /* param.pb.swift */; };
		A4E0E82EAFA005902252B72FC5ADC7BC /* CgRPC.framework in Embed Frameworks */ = {isa = PBXBuildFile; fileRef = E210BB492EEC6370DA46EAD1DBB6A844 /* CgRPC.framework */; settings = {ATTRIBUTES = (CodeSignOnCopy, RemoveHeadersOnCopy, ); }; };
		A7530946F48B70308B8007722F1DBF07 /* SwiftGRPC.framework in Frameworks */ = {isa = PBXBuildFile; fileRef = B5D68D4BD786CB95A331C02355C748BB /* SwiftGRPC.framework */; };
		A9770EFC41E07ED96B7448D5C4BF8526 /* CoreTest.swift in Sources */ = {isa = PBXBuildFile; fileRef = D9461C643CAD9AEB7BFCEED36DC3D868 /* CoreTest.swift */; };
		ADECFCA76F93239A79929AA7A080143A /* info.pb.swift in Sources */ = {isa = PBXBuildFile; fileRef = F734A4C3500B86C437004247F489FB00 /* info.pb.swift */; };
		AFF6E72FA6CD260678C7E0E5B1E11A46 /* CameraTest.swift in Sources */ = {isa = PBXBuildFile; fileRef = 43C344AF445DE9EA9D42BC37C5ED0BB6 /* CameraTest.swift */; };
		B1D43B51A9494250E91F0C7FA7852027 /* Camera.swift in Sources */ = {isa = PBXBuildFile; fileRef = CFF7B5E1CDB22BF6D6FC809304B212AA /* Camera.swift */; };
		B1F57872BF58F2B6D817E161D4CA3664 /* calibration.grpc.swift in Sources */ = {isa = PBXBuildFile; fileRef = C9228ABDC67FAD18CD174A6C174D0EE4 /* calibration.grpc.swift */; };
		B6AC01860D9FD4CDF12AD8F000854AED /* RxSwift.framework in Embed Frameworks */ = {isa = PBXBuildFile; fileRef = 7E5244AAC958189A61E7622D3150D00D /* RxSwift.framework */; settings = {ATTRIBUTES = (CodeSignOnCopy, RemoveHeadersOnCopy, ); }; };
		BFBFA87153CCA1F8F23FC124AE974C9F /* TelemetryTest.swift in Sources */ = {isa = PBXBuildFile; fileRef = A169F9C8A3620626028B6107A02EE606 /* TelemetryTest.swift */; };
		C34911C017AAEFC2AF3260E18C8F9A46 /* Dronecode_SDK_Swift.framework in Embed Frameworks */ = {isa = PBXBuildFile; fileRef = DBFBD38A0302CE074F04B592C1FAB545 /* Dronecode_SDK_Swift.framework */; settings = {ATTRIBUTES = (CodeSignOnCopy, RemoveHeadersOnCopy, ); }; };
		C7CE35B8F169183A44EC23EB01BAD1C0 /* info.grpc.swift in Sources */ = {isa = PBXBuildFile; fileRef = 339D030D42C8834A318DAA5E0CBC6CA8 /* info.grpc.swift */; };
		C92B3486D38540C4534CA81B3E4F5DE7 /* Dronecode_SDK_Swift.framework in Frameworks */ = {isa = PBXBuildFile; fileRef = DBFBD38A0302CE074F04B592C1FAB545 /* Dronecode_SDK_Swift.framework */; };
		CC2CD5E67F8492908126D2FC5F3379B4 /* Drone.swift in Sources */ = {isa = PBXBuildFile; fileRef = E7D06719012A3711A501AB2BE59F7697 /* Drone.swift */; };
		CE27513D43CD519638703C4FDE71245F /* TelemetryTest.swift in Sources */ = {isa = PBXBuildFile; fileRef = 10E6A092EE60E2F3EED217428D73E362 /* TelemetryTest.swift */; };
		D0BBA233F7BF34960D271869860C9CA9 /* CameraTest.swift in Sources */ = {isa = PBXBuildFile; fileRef = A07AACE59CEA1EE2D0E7D4521AE384FF /* CameraTest.swift */; };
		D1CFAEEE196847AC10166ED5F970419D /* telemetry.pb.swift in Sources */ = {isa = PBXBuildFile; fileRef = 0D3354B20E4E7B5EB04B29D5B1868656 /* telemetry.pb.swift */; };
		D302B70EAB1928A8030F7F0A84C78229 /* Telemetry.swift in Sources */ = {isa = PBXBuildFile; fileRef = 9FA8163D685F5F568EFF78944C2DD054 /* Telemetry.swift */; };
		DDCD9C22A65C8DEB6DD9AE008AA7A41D /* Calibration.swift in Sources */ = {isa = PBXBuildFile; fileRef = B604445488872087798BA760A23A6AE2 /* Calibration.swift */; };
		DDE601F5FF43569E438157D3FE6467CA /* mission.pb.swift in Sources */ = {isa = PBXBuildFile; fileRef = 5A8AAB713C4E9ED60B2922268C724DD2 /* mission.pb.swift */; };
		E44C1F01329190FCFE632BFBBBD35253 /* RxTest.framework in Frameworks */ = {isa = PBXBuildFile; fileRef = EAC3451AD08C3F9BCF8921B955134915 /* RxTest.framework */; };
		E82982FB6281340E33B0A5704FF163D7 /* SwiftProtobuf.framework in Embed Frameworks */ = {isa = PBXBuildFile; fileRef = 1F061E2560D3B03C6A37E8B1055164FE /* SwiftProtobuf.framework */; settings = {ATTRIBUTES = (CodeSignOnCopy, RemoveHeadersOnCopy, ); }; };
		F1BBC38B68E6234CC5F8D677F74FB23A /* RxTest.framework in Embed Frameworks */ = {isa = PBXBuildFile; fileRef = EAC3451AD08C3F9BCF8921B955134915 /* RxTest.framework */; settings = {ATTRIBUTES = (CodeSignOnCopy, RemoveHeadersOnCopy, ); }; };
		F3675724FC7D8679CB1E2729A1DE1EA7 /* RxSwift.framework in Frameworks */ = {isa = PBXBuildFile; fileRef = 7E5244AAC958189A61E7622D3150D00D /* RxSwift.framework */; };
		F63D60D73ED96225A1F294F5B732320D /* CgRPC.framework in Frameworks */ = {isa = PBXBuildFile; fileRef = E210BB492EEC6370DA46EAD1DBB6A844 /* CgRPC.framework */; };
		F86046566D7FD19D944B2B118BC4FE01 /* Mission.swift in Sources */ = {isa = PBXBuildFile; fileRef = 01176C4BBB3494B2447DA8680A0E3249 /* Mission.swift */; };
		FC813DC29C5CFF86E1D851D5BCE16542 /* gimbal.pb.swift in Sources */ = {isa = PBXBuildFile; fileRef = 5824BF831812663D00653DC97BA018DE /* gimbal.pb.swift */; };
		FE55CBE9E39E45A82B743183741FC867 /* RxTest.framework in Frameworks */ = {isa = PBXBuildFile; fileRef = EAC3451AD08C3F9BCF8921B955134915 /* RxTest.framework */; };
/* End PBXBuildFile section */

/* Begin PBXContainerItemProxy section */
		59435774DCE5027CDFF6F50A4B9D7937 /* PBXContainerItemProxy */ = {
			isa = PBXContainerItemProxy;
			containerPortal = A36F967122763708B424386BCA1FC1FC /* Project object */;
			proxyType = 1;
			remoteGlobalIDString = 2298C45676E3D8B9DF81AAA9B25CB40F;
			remoteInfo = Dronecode_SDK_Swift;
		};
		BE4D3050D738B25A05EA046F5A9F8BEA /* PBXContainerItemProxy */ = {
			isa = PBXContainerItemProxy;
			containerPortal = A36F967122763708B424386BCA1FC1FC /* Project object */;
			proxyType = 1;
			remoteGlobalIDString = 2298C45676E3D8B9DF81AAA9B25CB40F;
			remoteInfo = Dronecode_SDK_Swift;
		};
/* End PBXContainerItemProxy section */

/* Begin PBXCopyFilesBuildPhase section */
		173F6A3CAF3D770A94400B9745326C85 /* Embed Frameworks */ = {
			isa = PBXCopyFilesBuildPhase;
			buildActionMask = 2147483647;
			dstPath = "";
			dstSubfolderSpec = 10;
			files = (
				14C1C4B6BBD98FF559EF12AAB157B160 /* Dronecode_SDK_Swift.framework in Embed Frameworks */,
				282D5082B4239CAA93A246CD0F34878F /* BoringSSL.framework in Embed Frameworks */,
				A4E0E82EAFA005902252B72FC5ADC7BC /* CgRPC.framework in Embed Frameworks */,
				91BE6A9C894832774E78195505E08030 /* RxBlocking.framework in Embed Frameworks */,
				1386CC2C44EE39ACD5404DCDD8662FF7 /* RxSwift.framework in Embed Frameworks */,
				F1BBC38B68E6234CC5F8D677F74FB23A /* RxTest.framework in Embed Frameworks */,
				2554EE3D7A6B4911CF7C9E652F3EFD56 /* SwiftGRPC.framework in Embed Frameworks */,
				791071DB00CAC0CCD6AAD84114FF38CE /* SwiftProtobuf.framework in Embed Frameworks */,
				9DA5F93EFD73473D35F564F668CE67E0 /* mavsdk_server.framework in Embed Frameworks */,
			);
			name = "Embed Frameworks";
			runOnlyForDeploymentPostprocessing = 0;
		};
		6A881D8764237674C6B4264077FE8753 /* Embed Frameworks */ = {
			isa = PBXCopyFilesBuildPhase;
			buildActionMask = 2147483647;
			dstPath = "";
			dstSubfolderSpec = 10;
			files = (
				C34911C017AAEFC2AF3260E18C8F9A46 /* Dronecode_SDK_Swift.framework in Embed Frameworks */,
				946286A83E3B1CF5399D8F6473085AF4 /* BoringSSL.framework in Embed Frameworks */,
				72428848B9FC42D59C27D06A061A410D /* CgRPC.framework in Embed Frameworks */,
				89902562B8E88DF5A3F2099CD2BF8EB7 /* RxBlocking.framework in Embed Frameworks */,
				B6AC01860D9FD4CDF12AD8F000854AED /* RxSwift.framework in Embed Frameworks */,
				3CA10A8C9C2BFA61D296AD915DDBFF81 /* RxTest.framework in Embed Frameworks */,
				4FD58FBDA33781123858A419330EC99B /* SwiftGRPC.framework in Embed Frameworks */,
				E82982FB6281340E33B0A5704FF163D7 /* SwiftProtobuf.framework in Embed Frameworks */,
				8E8B1E4A95C213F54E3129B5332A0FA0 /* mavsdk_server.framework in Embed Frameworks */,
			);
			name = "Embed Frameworks";
			runOnlyForDeploymentPostprocessing = 0;
		};
/* End PBXCopyFilesBuildPhase section */

/* Begin PBXFileReference section */
		01176C4BBB3494B2447DA8680A0E3249 /* Mission.swift */ = {isa = PBXFileReference; lastKnownFileType = sourcecode.swift; path = Mission.swift; sourceTree = "<group>"; };
		08720EEE283C7191E6273F609FD14121 /* action.pb.swift */ = {isa = PBXFileReference; lastKnownFileType = sourcecode.swift; path = action.pb.swift; sourceTree = "<group>"; };
		0D3354B20E4E7B5EB04B29D5B1868656 /* telemetry.pb.swift */ = {isa = PBXFileReference; lastKnownFileType = sourcecode.swift; path = telemetry.pb.swift; sourceTree = "<group>"; };
		10E6A092EE60E2F3EED217428D73E362 /* TelemetryTest.swift */ = {isa = PBXFileReference; lastKnownFileType = sourcecode.swift; path = TelemetryTest.swift; sourceTree = "<group>"; };
		1BE97FDAD3BA223A1B1E0B3818AA313C /* action.grpc.swift */ = {isa = PBXFileReference; lastKnownFileType = sourcecode.swift; path = action.grpc.swift; sourceTree = "<group>"; };
		1F061E2560D3B03C6A37E8B1055164FE /* SwiftProtobuf.framework */ = {isa = PBXFileReference; lastKnownFileType = wrapper.framework; path = SwiftProtobuf.framework; sourceTree = "<group>"; };
		2AE03E4CADBA9AA2E24FC5969808196C /* Action.swift */ = {isa = PBXFileReference; lastKnownFileType = sourcecode.swift; path = Action.swift; sourceTree = "<group>"; };
		2C74F8D2D7285CF0FD151832C8C96F34 /* Param.swift */ = {isa = PBXFileReference; lastKnownFileType = sourcecode.swift; path = Param.swift; sourceTree = "<group>"; };
		339D030D42C8834A318DAA5E0CBC6CA8 /* info.grpc.swift */ = {isa = PBXFileReference; lastKnownFileType = sourcecode.swift; path = info.grpc.swift; sourceTree = "<group>"; };
		3712D8872554BDDD6F3A866DDA529161 /* CalibrationTest.swift */ = {isa = PBXFileReference; lastKnownFileType = sourcecode.swift; path = CalibrationTest.swift; sourceTree = "<group>"; };
		38EA0B025FAAFCCFCA401D43CFC990B3 /* MissionTest.swift */ = {isa = PBXFileReference; lastKnownFileType = sourcecode.swift; path = MissionTest.swift; sourceTree = "<group>"; };
		3CB1586F302C7495DC6A534E0EE49BDE /* camera.grpc.swift */ = {isa = PBXFileReference; lastKnownFileType = sourcecode.swift; path = camera.grpc.swift; sourceTree = "<group>"; };
		3EBE7A2B75761D53F8CBA2B00F153632 /* calibration.pb.swift */ = {isa = PBXFileReference; lastKnownFileType = sourcecode.swift; path = calibration.pb.swift; sourceTree = "<group>"; };
		416A561713A88B75EE2B3385F0213E7A /* Core.swift */ = {isa = PBXFileReference; lastKnownFileType = sourcecode.swift; path = Core.swift; sourceTree = "<group>"; };
		42B1513F74AFC768482815FAE4B65CEB /* CoreTest.swift */ = {isa = PBXFileReference; lastKnownFileType = sourcecode.swift; path = CoreTest.swift; sourceTree = "<group>"; };
		43C344AF445DE9EA9D42BC37C5ED0BB6 /* CameraTest.swift */ = {isa = PBXFileReference; lastKnownFileType = sourcecode.swift; path = CameraTest.swift; sourceTree = "<group>"; };
		44C65EB1AC91A0A2FFE676496D99171A /* telemetry.grpc.swift */ = {isa = PBXFileReference; lastKnownFileType = sourcecode.swift; path = telemetry.grpc.swift; sourceTree = "<group>"; };
		45E16067E778D7DDDB0D7D0107B03B73 /* Dronecode_SDK_SwiftTests.xctest */ = {isa = PBXFileReference; explicitFileType = wrapper.cfbundle; includeInIndex = 0; path = Dronecode_SDK_SwiftTests.xctest; sourceTree = BUILT_PRODUCTS_DIR; };
		5824BF831812663D00653DC97BA018DE /* gimbal.pb.swift */ = {isa = PBXFileReference; lastKnownFileType = sourcecode.swift; path = gimbal.pb.swift; sourceTree = "<group>"; };
		5A8AAB713C4E9ED60B2922268C724DD2 /* mission.pb.swift */ = {isa = PBXFileReference; lastKnownFileType = sourcecode.swift; path = mission.pb.swift; sourceTree = "<group>"; };
		5DD59AD6ED108532A48A55CB1D75EE62 /* RxBlocking.framework */ = {isa = PBXFileReference; lastKnownFileType = wrapper.framework; path = RxBlocking.framework; sourceTree = "<group>"; };
		68E5383BC2E1E3AB05DD9632697C253B /* camera.pb.swift */ = {isa = PBXFileReference; lastKnownFileType = sourcecode.swift; path = camera.pb.swift; sourceTree = "<group>"; };
		6F8A9FB3478C4D0CD71EFFFDF427178A /* mavsdk_server.framework */ = {isa = PBXFileReference; lastKnownFileType = wrapper.framework; path = mavsdk_server.framework; sourceTree = "<group>"; };
		6FAC877B782E7A89564D7EC6D3F526C3 /* Info.plist */ = {isa = PBXFileReference; lastKnownFileType = text.plist.xml; path = Info.plist; sourceTree = "<group>"; };
		75C701254A3BABAB4393788334B20F0A /* Gimbal.swift */ = {isa = PBXFileReference; lastKnownFileType = sourcecode.swift; path = Gimbal.swift; sourceTree = "<group>"; };
		7E5244AAC958189A61E7622D3150D00D /* RxSwift.framework */ = {isa = PBXFileReference; lastKnownFileType = wrapper.framework; path = RxSwift.framework; sourceTree = "<group>"; };
		93EB1F082441737CEF735C367734EC57 /* ActionTest.swift */ = {isa = PBXFileReference; lastKnownFileType = sourcecode.swift; path = ActionTest.swift; sourceTree = "<group>"; };
		9923E17ABC608B39494F9DD0E9276A86 /* param.pb.swift */ = {isa = PBXFileReference; lastKnownFileType = sourcecode.swift; path = param.pb.swift; sourceTree = "<group>"; };
		9F44B07373DDF6FD9345B39AC8255B92 /* core.pb.swift */ = {isa = PBXFileReference; lastKnownFileType = sourcecode.swift; path = core.pb.swift; sourceTree = "<group>"; };
		9FA8163D685F5F568EFF78944C2DD054 /* Telemetry.swift */ = {isa = PBXFileReference; lastKnownFileType = sourcecode.swift; path = Telemetry.swift; sourceTree = "<group>"; };
		A07AACE59CEA1EE2D0E7D4521AE384FF /* CameraTest.swift */ = {isa = PBXFileReference; lastKnownFileType = sourcecode.swift; path = CameraTest.swift; sourceTree = "<group>"; };
		A169F9C8A3620626028B6107A02EE606 /* TelemetryTest.swift */ = {isa = PBXFileReference; lastKnownFileType = sourcecode.swift; path = TelemetryTest.swift; sourceTree = "<group>"; };
		A19BDAA4826FE6EC5482DD08687917BE /* Info.swift */ = {isa = PBXFileReference; lastKnownFileType = sourcecode.swift; path = Info.swift; sourceTree = "<group>"; };
		A5C2A312903C2AE06A72B892AA3065E2 /* gimbal.grpc.swift */ = {isa = PBXFileReference; lastKnownFileType = sourcecode.swift; path = gimbal.grpc.swift; sourceTree = "<group>"; };
		B5D68D4BD786CB95A331C02355C748BB /* SwiftGRPC.framework */ = {isa = PBXFileReference; lastKnownFileType = wrapper.framework; path = SwiftGRPC.framework; sourceTree = "<group>"; };
		B604445488872087798BA760A23A6AE2 /* Calibration.swift */ = {isa = PBXFileReference; lastKnownFileType = sourcecode.swift; path = Calibration.swift; sourceTree = "<group>"; };
		C69404C102DBC49B0DDA8659B1D91ECA /* core.grpc.swift */ = {isa = PBXFileReference; lastKnownFileType = sourcecode.swift; path = core.grpc.swift; sourceTree = "<group>"; };
		C9228ABDC67FAD18CD174A6C174D0EE4 /* calibration.grpc.swift */ = {isa = PBXFileReference; lastKnownFileType = sourcecode.swift; path = calibration.grpc.swift; sourceTree = "<group>"; };
		CB6DA7139D6DF99752D1F9E7CA23F2B5 /* mission.grpc.swift */ = {isa = PBXFileReference; lastKnownFileType = sourcecode.swift; path = mission.grpc.swift; sourceTree = "<group>"; };
		CFF7B5E1CDB22BF6D6FC809304B212AA /* Camera.swift */ = {isa = PBXFileReference; lastKnownFileType = sourcecode.swift; path = Camera.swift; sourceTree = "<group>"; };
		D9461C643CAD9AEB7BFCEED36DC3D868 /* CoreTest.swift */ = {isa = PBXFileReference; lastKnownFileType = sourcecode.swift; path = CoreTest.swift; sourceTree = "<group>"; };
		DAA1DA996952AF1AAC513755CAB6B014 /* param.grpc.swift */ = {isa = PBXFileReference; lastKnownFileType = sourcecode.swift; path = param.grpc.swift; sourceTree = "<group>"; };
		DB332CA89F70EB462A68EE483E44D262 /* MissionTest.swift */ = {isa = PBXFileReference; lastKnownFileType = sourcecode.swift; path = MissionTest.swift; sourceTree = "<group>"; };
		DBFBD38A0302CE074F04B592C1FAB545 /* Dronecode_SDK_Swift.framework */ = {isa = PBXFileReference; explicitFileType = wrapper.framework; includeInIndex = 0; path = Dronecode_SDK_Swift.framework; sourceTree = BUILT_PRODUCTS_DIR; };
		E1E58AC66B72EF6467CF3F24E868093A /* BoringSSL.framework */ = {isa = PBXFileReference; lastKnownFileType = wrapper.framework; path = BoringSSL.framework; sourceTree = "<group>"; };
		E210BB492EEC6370DA46EAD1DBB6A844 /* CgRPC.framework */ = {isa = PBXFileReference; lastKnownFileType = wrapper.framework; path = CgRPC.framework; sourceTree = "<group>"; };
		E75DBE91502D0C6A5D3C3259B958C4EA /* ActionTest.swift */ = {isa = PBXFileReference; lastKnownFileType = sourcecode.swift; path = ActionTest.swift; sourceTree = "<group>"; };
		E7D06719012A3711A501AB2BE59F7697 /* Drone.swift */ = {isa = PBXFileReference; lastKnownFileType = sourcecode.swift; path = Drone.swift; sourceTree = "<group>"; };
		EAC3451AD08C3F9BCF8921B955134915 /* RxTest.framework */ = {isa = PBXFileReference; lastKnownFileType = wrapper.framework; path = RxTest.framework; sourceTree = "<group>"; };
		F734A4C3500B86C437004247F489FB00 /* info.pb.swift */ = {isa = PBXFileReference; lastKnownFileType = sourcecode.swift; path = info.pb.swift; sourceTree = "<group>"; };
		FF99F34A8572CF8F1DE52624ADD56A9A /* Dronecode_SDK_SwiftIntegrationTests.xctest */ = {isa = PBXFileReference; includeInIndex = 0; lastKnownFileType = wrapper.cfbundle; path = Dronecode_SDK_SwiftIntegrationTests.xctest; sourceTree = BUILT_PRODUCTS_DIR; };
/* End PBXFileReference section */

/* Begin PBXFrameworksBuildPhase section */
		2536B4026F764FE29EBD6C0824A25A8C /* Frameworks */ = {
			isa = PBXFrameworksBuildPhase;
			buildActionMask = 2147483647;
			files = (
				C92B3486D38540C4534CA81B3E4F5DE7 /* Dronecode_SDK_Swift.framework in Frameworks */,
				8CA444B4EB702C4BB31F7C6286731CFD /* mavsdk_server.framework in Frameworks */,
				1C2B7E261CEE894EBF1A0E386B9CAD2B /* BoringSSL.framework in Frameworks */,
				507338810B507E6ACFBE56137DA2F1AD /* CgRPC.framework in Frameworks */,
				4596FF4AE2BCBCE1EAF1973B94DB8D4D /* RxBlocking.framework in Frameworks */,
				353C1171AC3974D50372AF6B0CE330B5 /* RxSwift.framework in Frameworks */,
				E44C1F01329190FCFE632BFBBBD35253 /* RxTest.framework in Frameworks */,
				A7530946F48B70308B8007722F1DBF07 /* SwiftGRPC.framework in Frameworks */,
				5961950A8C4C84F4945A2EF27D96978A /* SwiftProtobuf.framework in Frameworks */,
			);
			runOnlyForDeploymentPostprocessing = 0;
		};
		55BCC10EA6D92A5434932E9F3B1CF037 /* Frameworks */ = {
			isa = PBXFrameworksBuildPhase;
			buildActionMask = 2147483647;
			files = (
				2197FC1836FA36FF681CA4A67833FA0D /* mavsdk_server.framework in Frameworks */,
				409C2FA9584F2D22CC7E8216375D9696 /* BoringSSL.framework in Frameworks */,
				4DCA2108C0B326FDA97DB23EA4630057 /* CgRPC.framework in Frameworks */,
				F3675724FC7D8679CB1E2729A1DE1EA7 /* RxSwift.framework in Frameworks */,
				42A899997BB62B2893F7D8AC19FEA8B1 /* SwiftGRPC.framework in Frameworks */,
				954BF08952F1DB9258DDDA4427B38052 /* SwiftProtobuf.framework in Frameworks */,
			);
			runOnlyForDeploymentPostprocessing = 0;
		};
		E1BE7BCAAD3F396A6DC6AF0435D23557 /* Frameworks */ = {
			isa = PBXFrameworksBuildPhase;
			buildActionMask = 2147483647;
			files = (
				06C096F2FB998948C0D557393272A7D4 /* Dronecode_SDK_Swift.framework in Frameworks */,
				82DF7BCF1D889353998CEA6E6BE1AAEB /* mavsdk_server.framework in Frameworks */,
				76C07BD10312370BB5AFBFFA4983E86D /* BoringSSL.framework in Frameworks */,
				F63D60D73ED96225A1F294F5B732320D /* CgRPC.framework in Frameworks */,
				342D52D946BEBDBEADC9DBB9078BB746 /* RxBlocking.framework in Frameworks */,
				1BC067431CEAA80B4426778F48E9A71B /* RxSwift.framework in Frameworks */,
				FE55CBE9E39E45A82B743183741FC867 /* RxTest.framework in Frameworks */,
				8458710B214AD43439C368F7B3234CBA /* SwiftGRPC.framework in Frameworks */,
				386D1165184352AFA3CA0AD544ECC964 /* SwiftProtobuf.framework in Frameworks */,
			);
			runOnlyForDeploymentPostprocessing = 0;
		};
/* End PBXFrameworksBuildPhase section */

/* Begin PBXGroup section */
		24109050D6B9D9CA6E85112EB30A1883 /* iOS */ = {
			isa = PBXGroup;
			children = (
				E1E58AC66B72EF6467CF3F24E868093A /* BoringSSL.framework */,
				E210BB492EEC6370DA46EAD1DBB6A844 /* CgRPC.framework */,
				6F8A9FB3478C4D0CD71EFFFDF427178A /* mavsdk_server.framework */,
				5DD59AD6ED108532A48A55CB1D75EE62 /* RxBlocking.framework */,
				7E5244AAC958189A61E7622D3150D00D /* RxSwift.framework */,
				EAC3451AD08C3F9BCF8921B955134915 /* RxTest.framework */,
				B5D68D4BD786CB95A331C02355C748BB /* SwiftGRPC.framework */,
				1F061E2560D3B03C6A37E8B1055164FE /* SwiftProtobuf.framework */,
			);
			path = iOS;
			sourceTree = "<group>";
		};
		3699C5041F94EB0D9ED3632A1C578A26 /* Dronecode-SDK-SwiftTests */ = {
			isa = PBXGroup;
			children = (
				E75DBE91502D0C6A5D3C3259B958C4EA /* ActionTest.swift */,
				43C344AF445DE9EA9D42BC37C5ED0BB6 /* CameraTest.swift */,
				D9461C643CAD9AEB7BFCEED36DC3D868 /* CoreTest.swift */,
				DB332CA89F70EB462A68EE483E44D262 /* MissionTest.swift */,
				A169F9C8A3620626028B6107A02EE606 /* TelemetryTest.swift */,
			);
			name = "Dronecode-SDK-SwiftTests";
			path = "Sources/Dronecode-SDK-SwiftTests";
			sourceTree = "<group>";
		};
		7414AD4F88F70862108A8EE65CAA9299 = {
			isa = PBXGroup;
			children = (
				FDA7EFFE6DF53DF1EAD43FE72B0B2F73 /* Dronecode-SDK-Swift */,
				781B349961806C3623D48F07B0375D85 /* Dronecode-SDK-SwiftIntegrationTests */,
				3699C5041F94EB0D9ED3632A1C578A26 /* Dronecode-SDK-SwiftTests */,
				93CF56A07273CAD0EAB5598CA0FA2151 /* Frameworks */,
				AAB8074D78FDA43200EB234C29F36375 /* Products */,
			);
			sourceTree = "<group>";
		};
		781B349961806C3623D48F07B0375D85 /* Dronecode-SDK-SwiftIntegrationTests */ = {
			isa = PBXGroup;
			children = (
				93EB1F082441737CEF735C367734EC57 /* ActionTest.swift */,
				3712D8872554BDDD6F3A866DDA529161 /* CalibrationTest.swift */,
				A07AACE59CEA1EE2D0E7D4521AE384FF /* CameraTest.swift */,
				42B1513F74AFC768482815FAE4B65CEB /* CoreTest.swift */,
				38EA0B025FAAFCCFCA401D43CFC990B3 /* MissionTest.swift */,
				10E6A092EE60E2F3EED217428D73E362 /* TelemetryTest.swift */,
			);
			name = "Dronecode-SDK-SwiftIntegrationTests";
			path = "Sources/Dronecode-SDK-SwiftIntegrationTests";
			sourceTree = "<group>";
		};
		8851DFAF68053143B767C192A795A882 /* Generated */ = {
			isa = PBXGroup;
			children = (
				1BE97FDAD3BA223A1B1E0B3818AA313C /* action.grpc.swift */,
				08720EEE283C7191E6273F609FD14121 /* action.pb.swift */,
				2AE03E4CADBA9AA2E24FC5969808196C /* Action.swift */,
				C9228ABDC67FAD18CD174A6C174D0EE4 /* calibration.grpc.swift */,
				3EBE7A2B75761D53F8CBA2B00F153632 /* calibration.pb.swift */,
				B604445488872087798BA760A23A6AE2 /* Calibration.swift */,
				3CB1586F302C7495DC6A534E0EE49BDE /* camera.grpc.swift */,
				68E5383BC2E1E3AB05DD9632697C253B /* camera.pb.swift */,
				CFF7B5E1CDB22BF6D6FC809304B212AA /* Camera.swift */,
				C69404C102DBC49B0DDA8659B1D91ECA /* core.grpc.swift */,
				9F44B07373DDF6FD9345B39AC8255B92 /* core.pb.swift */,
				416A561713A88B75EE2B3385F0213E7A /* Core.swift */,
				A5C2A312903C2AE06A72B892AA3065E2 /* gimbal.grpc.swift */,
				5824BF831812663D00653DC97BA018DE /* gimbal.pb.swift */,
				75C701254A3BABAB4393788334B20F0A /* Gimbal.swift */,
				339D030D42C8834A318DAA5E0CBC6CA8 /* info.grpc.swift */,
				F734A4C3500B86C437004247F489FB00 /* info.pb.swift */,
				A19BDAA4826FE6EC5482DD08687917BE /* Info.swift */,
				CB6DA7139D6DF99752D1F9E7CA23F2B5 /* mission.grpc.swift */,
				5A8AAB713C4E9ED60B2922268C724DD2 /* mission.pb.swift */,
				01176C4BBB3494B2447DA8680A0E3249 /* Mission.swift */,
				DAA1DA996952AF1AAC513755CAB6B014 /* param.grpc.swift */,
				9923E17ABC608B39494F9DD0E9276A86 /* param.pb.swift */,
				2C74F8D2D7285CF0FD151832C8C96F34 /* Param.swift */,
				44C65EB1AC91A0A2FFE676496D99171A /* telemetry.grpc.swift */,
				0D3354B20E4E7B5EB04B29D5B1868656 /* telemetry.pb.swift */,
				9FA8163D685F5F568EFF78944C2DD054 /* Telemetry.swift */,
			);
			path = Generated;
			sourceTree = "<group>";
		};
		93CF56A07273CAD0EAB5598CA0FA2151 /* Frameworks */ = {
			isa = PBXGroup;
			children = (
				AF8D99FA9A3388BB4EC3BEB088013512 /* Carthage */,
			);
			name = Frameworks;
			sourceTree = "<group>";
		};
		AAB8074D78FDA43200EB234C29F36375 /* Products */ = {
			isa = PBXGroup;
			children = (
				DBFBD38A0302CE074F04B592C1FAB545 /* Dronecode_SDK_Swift.framework */,
				FF99F34A8572CF8F1DE52624ADD56A9A /* Dronecode_SDK_SwiftIntegrationTests.xctest */,
				45E16067E778D7DDDB0D7D0107B03B73 /* Dronecode_SDK_SwiftTests.xctest */,
			);
			name = Products;
			sourceTree = "<group>";
		};
		AF8D99FA9A3388BB4EC3BEB088013512 /* Carthage */ = {
			isa = PBXGroup;
			children = (
				24109050D6B9D9CA6E85112EB30A1883 /* iOS */,
			);
			name = Carthage;
			path = Carthage/Build;
			sourceTree = "<group>";
		};
		FDA7EFFE6DF53DF1EAD43FE72B0B2F73 /* Dronecode-SDK-Swift */ = {
			isa = PBXGroup;
			children = (
				E7D06719012A3711A501AB2BE59F7697 /* Drone.swift */,
				6FAC877B782E7A89564D7EC6D3F526C3 /* Info.plist */,
				8851DFAF68053143B767C192A795A882 /* Generated */,
			);
			name = "Dronecode-SDK-Swift";
			path = "Sources/Dronecode-SDK-Swift";
			sourceTree = "<group>";
		};
/* End PBXGroup section */

/* Begin PBXNativeTarget section */
		2298C45676E3D8B9DF81AAA9B25CB40F /* Dronecode_SDK_Swift */ = {
			isa = PBXNativeTarget;
			buildConfigurationList = 8563CE4D90A446480D1D08E784DDA4D5 /* Build configuration list for PBXNativeTarget "Dronecode_SDK_Swift" */;
			buildPhases = (
				660C1DBEE4C433E119B4B87DB2A62A16 /* Sources */,
				55BCC10EA6D92A5434932E9F3B1CF037 /* Frameworks */,
			);
			buildRules = (
			);
			dependencies = (
			);
			name = Dronecode_SDK_Swift;
			productName = Dronecode_SDK_Swift;
			productReference = DBFBD38A0302CE074F04B592C1FAB545 /* Dronecode_SDK_Swift.framework */;
			productType = "com.apple.product-type.framework";
		};
		591724C6D92882BB83318FBADE3355CB /* Dronecode_SDK_SwiftIntegrationTests */ = {
			isa = PBXNativeTarget;
			buildConfigurationList = AB37A9EFE3D3874A389684607D53E565 /* Build configuration list for PBXNativeTarget "Dronecode_SDK_SwiftIntegrationTests" */;
			buildPhases = (
				B2FE967C2BA2063AF5C9B9AAB5FCCA16 /* Sources */,
				E1BE7BCAAD3F396A6DC6AF0435D23557 /* Frameworks */,
				173F6A3CAF3D770A94400B9745326C85 /* Embed Frameworks */,
			);
			buildRules = (
			);
			dependencies = (
				93985E640491FE2E7BFD6AA4366EDD7D /* PBXTargetDependency */,
			);
			name = Dronecode_SDK_SwiftIntegrationTests;
			productName = Dronecode_SDK_SwiftIntegrationTests;
			productReference = FF99F34A8572CF8F1DE52624ADD56A9A /* Dronecode_SDK_SwiftIntegrationTests.xctest */;
			productType = "com.apple.product-type.bundle.unit-test";
		};
		E4D163CB31838AA41F15F0ACBACC9D32 /* Dronecode_SDK_SwiftTests */ = {
			isa = PBXNativeTarget;
			buildConfigurationList = 68DD49B76308E33A632629DB84E3E67D /* Build configuration list for PBXNativeTarget "Dronecode_SDK_SwiftTests" */;
			buildPhases = (
				CABA19D1180DD065F5F7D7598A0D72E6 /* Sources */,
				2536B4026F764FE29EBD6C0824A25A8C /* Frameworks */,
				6A881D8764237674C6B4264077FE8753 /* Embed Frameworks */,
			);
			buildRules = (
			);
			dependencies = (
				C1C80FE26DE7FCADF923FAEDA81EDB0C /* PBXTargetDependency */,
			);
			name = Dronecode_SDK_SwiftTests;
			productName = Dronecode_SDK_SwiftTests;
			productReference = 45E16067E778D7DDDB0D7D0107B03B73 /* Dronecode_SDK_SwiftTests.xctest */;
			productType = "com.apple.product-type.bundle.unit-test";
		};
/* End PBXNativeTarget section */

/* Begin PBXProject section */
		A36F967122763708B424386BCA1FC1FC /* Project object */ = {
			isa = PBXProject;
			attributes = {
				LastUpgradeCheck = 1020;
			};
			buildConfigurationList = 42741FE0C22B10393E8948E82499F05C /* Build configuration list for PBXProject "Dronecode-SDK-Swift" */;
			compatibilityVersion = "Xcode 9.3";
			developmentRegion = en;
			hasScannedForEncodings = 0;
			knownRegions = (
				en,
			);
			mainGroup = 7414AD4F88F70862108A8EE65CAA9299;
			projectDirPath = "";
			projectRoot = "";
			targets = (
				2298C45676E3D8B9DF81AAA9B25CB40F /* Dronecode_SDK_Swift */,
				591724C6D92882BB83318FBADE3355CB /* Dronecode_SDK_SwiftIntegrationTests */,
				E4D163CB31838AA41F15F0ACBACC9D32 /* Dronecode_SDK_SwiftTests */,
			);
		};
/* End PBXProject section */

/* Begin PBXSourcesBuildPhase section */
		660C1DBEE4C433E119B4B87DB2A62A16 /* Sources */ = {
			isa = PBXSourcesBuildPhase;
			buildActionMask = 2147483647;
			files = (
				15F83C18187143A3246BEFFB9909B0B8 /* Action.swift in Sources */,
				DDCD9C22A65C8DEB6DD9AE008AA7A41D /* Calibration.swift in Sources */,
				B1D43B51A9494250E91F0C7FA7852027 /* Camera.swift in Sources */,
				17D0D99FE3E448AAC5AF7DB4A2F2C25E /* Core.swift in Sources */,
				CC2CD5E67F8492908126D2FC5F3379B4 /* Drone.swift in Sources */,
				81BDD2F501DD907328E4CCFF5351E3CD /* Gimbal.swift in Sources */,
				9D6697E02F2DB432F157BFA49E1A6A06 /* Info.swift in Sources */,
				F86046566D7FD19D944B2B118BC4FE01 /* Mission.swift in Sources */,
				9F71A508B59631F50B9393826A5A3316 /* Param.swift in Sources */,
				D302B70EAB1928A8030F7F0A84C78229 /* Telemetry.swift in Sources */,
				995313BA3D20A7EB1267DDBED7BB54A8 /* action.grpc.swift in Sources */,
				090F11D1740C661D1DEA555A2576A0EE /* action.pb.swift in Sources */,
				B1F57872BF58F2B6D817E161D4CA3664 /* calibration.grpc.swift in Sources */,
				8F17D0E35A62B3F236E62726367F9B41 /* calibration.pb.swift in Sources */,
				8D07BE120BE1074CADCBE44D77F07F8E /* camera.grpc.swift in Sources */,
				87958D8672FCDE3FB56F2B319DA8B567 /* camera.pb.swift in Sources */,
				125274CD5F22C35F73C7FC24A855A235 /* core.grpc.swift in Sources */,
				029A0DE13344F44C80E6ECECE83887B3 /* core.pb.swift in Sources */,
				12CBE14A5414460440B4EC9053253847 /* gimbal.grpc.swift in Sources */,
				FC813DC29C5CFF86E1D851D5BCE16542 /* gimbal.pb.swift in Sources */,
				C7CE35B8F169183A44EC23EB01BAD1C0 /* info.grpc.swift in Sources */,
				ADECFCA76F93239A79929AA7A080143A /* info.pb.swift in Sources */,
				26A432DF40386E33C07A954C4A9CB75E /* mission.grpc.swift in Sources */,
				DDE601F5FF43569E438157D3FE6467CA /* mission.pb.swift in Sources */,
				75B8C1E2CCC76024DCA43FAA57D96955 /* param.grpc.swift in Sources */,
				A0DE63959E2DBAB3B7B394C4313F68B3 /* param.pb.swift in Sources */,
				955E1E68E37513775667637A4B775123 /* telemetry.grpc.swift in Sources */,
				D1CFAEEE196847AC10166ED5F970419D /* telemetry.pb.swift in Sources */,
			);
			runOnlyForDeploymentPostprocessing = 0;
		};
		B2FE967C2BA2063AF5C9B9AAB5FCCA16 /* Sources */ = {
			isa = PBXSourcesBuildPhase;
			buildActionMask = 2147483647;
			files = (
				0EA5A0CEB149D5F34F7F6A8F3FC90121 /* ActionTest.swift in Sources */,
				45819820FFFB5449F6C9774DAB138E53 /* CalibrationTest.swift in Sources */,
				D0BBA233F7BF34960D271869860C9CA9 /* CameraTest.swift in Sources */,
				75575FE8AA8EC32CDCB2BFCF6803FCF5 /* CoreTest.swift in Sources */,
				5FD3C86EE2D3AC3E95F51A8B5ACCA6B7 /* MissionTest.swift in Sources */,
				CE27513D43CD519638703C4FDE71245F /* TelemetryTest.swift in Sources */,
			);
			runOnlyForDeploymentPostprocessing = 0;
		};
		CABA19D1180DD065F5F7D7598A0D72E6 /* Sources */ = {
			isa = PBXSourcesBuildPhase;
			buildActionMask = 2147483647;
			files = (
				5A84C65BFF8931D0F1E16943AE0222AD /* ActionTest.swift in Sources */,
				AFF6E72FA6CD260678C7E0E5B1E11A46 /* CameraTest.swift in Sources */,
				A9770EFC41E07ED96B7448D5C4BF8526 /* CoreTest.swift in Sources */,
				759E190A8A9B3663504722D3BEA51EB9 /* MissionTest.swift in Sources */,
				BFBFA87153CCA1F8F23FC124AE974C9F /* TelemetryTest.swift in Sources */,
			);
			runOnlyForDeploymentPostprocessing = 0;
		};
/* End PBXSourcesBuildPhase section */

/* Begin PBXTargetDependency section */
		93985E640491FE2E7BFD6AA4366EDD7D /* PBXTargetDependency */ = {
			isa = PBXTargetDependency;
			target = 2298C45676E3D8B9DF81AAA9B25CB40F /* Dronecode_SDK_Swift */;
			targetProxy = 59435774DCE5027CDFF6F50A4B9D7937 /* PBXContainerItemProxy */;
		};
		C1C80FE26DE7FCADF923FAEDA81EDB0C /* PBXTargetDependency */ = {
			isa = PBXTargetDependency;
			target = 2298C45676E3D8B9DF81AAA9B25CB40F /* Dronecode_SDK_Swift */;
			targetProxy = BE4D3050D738B25A05EA046F5A9F8BEA /* PBXContainerItemProxy */;
		};
/* End PBXTargetDependency section */

/* Begin XCBuildConfiguration section */
		2B0FAE0E8A75B4C134D9DF3E6DC96539 /* Release */ = {
			isa = XCBuildConfiguration;
			buildSettings = {
				ALWAYS_SEARCH_USER_PATHS = NO;
				CLANG_ANALYZER_NONNULL = YES;
				CLANG_ANALYZER_NUMBER_OBJECT_CONVERSION = YES_AGGRESSIVE;
				CLANG_CXX_LANGUAGE_STANDARD = "gnu++14";
				CLANG_CXX_LIBRARY = "libc++";
				CLANG_ENABLE_MODULES = YES;
				CLANG_ENABLE_OBJC_ARC = YES;
				CLANG_WARN_BLOCK_CAPTURE_AUTORELEASING = YES;
				CLANG_WARN_BOOL_CONVERSION = YES;
				CLANG_WARN_COMMA = YES;
				CLANG_WARN_CONSTANT_CONVERSION = YES;
				CLANG_WARN_DEPRECATED_OBJC_IMPLEMENTATIONS = YES;
				CLANG_WARN_DIRECT_OBJC_ISA_USAGE = YES_ERROR;
				CLANG_WARN_DOCUMENTATION_COMMENTS = YES;
				CLANG_WARN_EMPTY_BODY = YES;
				CLANG_WARN_ENUM_CONVERSION = YES;
				CLANG_WARN_INFINITE_RECURSION = YES;
				CLANG_WARN_INT_CONVERSION = YES;
				CLANG_WARN_NON_LITERAL_NULL_CONVERSION = YES;
				CLANG_WARN_OBJC_IMPLICIT_RETAIN_SELF = YES;
				CLANG_WARN_OBJC_LITERAL_CONVERSION = YES;
				CLANG_WARN_OBJC_ROOT_CLASS = YES_ERROR;
				CLANG_WARN_RANGE_LOOP_ANALYSIS = YES;
				CLANG_WARN_STRICT_PROTOTYPES = YES;
				CLANG_WARN_SUSPICIOUS_MOVE = YES;
				CLANG_WARN_UNGUARDED_AVAILABILITY = YES_AGGRESSIVE;
				CLANG_WARN_UNREACHABLE_CODE = YES;
				CLANG_WARN__DUPLICATE_METHOD_MATCH = YES;
				COPY_PHASE_STRIP = NO;
				DEBUG_INFORMATION_FORMAT = "dwarf-with-dsym";
				ENABLE_BITCODE = NO;
				ENABLE_NS_ASSERTIONS = NO;
				ENABLE_STRICT_OBJC_MSGSEND = YES;
				GCC_C_LANGUAGE_STANDARD = gnu11;
				GCC_NO_COMMON_BLOCKS = YES;
				GCC_WARN_64_TO_32_BIT_CONVERSION = YES;
				GCC_WARN_ABOUT_RETURN_TYPE = YES_ERROR;
				GCC_WARN_UNDECLARED_SELECTOR = YES;
				GCC_WARN_UNINITIALIZED_AUTOS = YES_AGGRESSIVE;
				GCC_WARN_UNUSED_FUNCTION = YES;
				GCC_WARN_UNUSED_VARIABLE = YES;
				IPHONEOS_DEPLOYMENT_TARGET = 9.0;
				PRODUCT_NAME = "$(TARGET_NAME)";
				SDKROOT = iphoneos;
				SWIFT_COMPILATION_MODE = wholemodule;
				SWIFT_VERSION = 5.0;
				VALIDATE_PRODUCT = YES;
			};
			name = Release;
		};
		41EC190E71E7FF777F40645AB4FE605F /* Debug */ = {
			isa = XCBuildConfiguration;
			buildSettings = {
				BUNDLE_LOADER = "$(TEST_HOST)";
				FRAMEWORK_SEARCH_PATHS = (
					"$(inherited)",
					"$(PROJECT_DIR)/Carthage/Build/iOS",
				);
				LD_RUNPATH_SEARCH_PATHS = (
					"$(inherited)",
					"@executable_path/Frameworks",
					"@loader_path/Frameworks",
				);
				PRODUCT_BUNDLE_IDENTIFIER = "org.dronecode.sdk.Dronecode-SDK-SwiftIntegrationTests";
				SDKROOT = iphoneos;
				TARGETED_DEVICE_FAMILY = "1,2";
			};
			name = Debug;
		};
		48ADF80A706730BAD77D0FBD7CC6825D /* Release */ = {
			isa = XCBuildConfiguration;
			buildSettings = {
				BUNDLE_LOADER = "$(TEST_HOST)";
				FRAMEWORK_SEARCH_PATHS = (
					"$(inherited)",
					"$(PROJECT_DIR)/Carthage/Build/iOS",
				);
				LD_RUNPATH_SEARCH_PATHS = (
					"$(inherited)",
					"@executable_path/Frameworks",
					"@loader_path/Frameworks",
				);
				OTHER_LDFLAGS = "";
				PRODUCT_BUNDLE_IDENTIFIER = "org.dronecode.sdk.Dronecode-SDK-SwiftTests";
				SDKROOT = iphoneos;
				TARGETED_DEVICE_FAMILY = "1,2";
			};
			name = Release;
		};
		60D031981F7ADE5C95FE6325776BC0F8 /* Debug */ = {
			isa = XCBuildConfiguration;
			buildSettings = {
				ALWAYS_SEARCH_USER_PATHS = NO;
				CLANG_ANALYZER_NONNULL = YES;
				CLANG_ANALYZER_NUMBER_OBJECT_CONVERSION = YES_AGGRESSIVE;
				CLANG_CXX_LANGUAGE_STANDARD = "gnu++14";
				CLANG_CXX_LIBRARY = "libc++";
				CLANG_ENABLE_MODULES = YES;
				CLANG_ENABLE_OBJC_ARC = YES;
				CLANG_WARN_BLOCK_CAPTURE_AUTORELEASING = YES;
				CLANG_WARN_BOOL_CONVERSION = YES;
				CLANG_WARN_COMMA = YES;
				CLANG_WARN_CONSTANT_CONVERSION = YES;
				CLANG_WARN_DEPRECATED_OBJC_IMPLEMENTATIONS = YES;
				CLANG_WARN_DIRECT_OBJC_ISA_USAGE = YES_ERROR;
				CLANG_WARN_DOCUMENTATION_COMMENTS = YES;
				CLANG_WARN_EMPTY_BODY = YES;
				CLANG_WARN_ENUM_CONVERSION = YES;
				CLANG_WARN_INFINITE_RECURSION = YES;
				CLANG_WARN_INT_CONVERSION = YES;
				CLANG_WARN_NON_LITERAL_NULL_CONVERSION = YES;
				CLANG_WARN_OBJC_IMPLICIT_RETAIN_SELF = YES;
				CLANG_WARN_OBJC_LITERAL_CONVERSION = YES;
				CLANG_WARN_OBJC_ROOT_CLASS = YES_ERROR;
				CLANG_WARN_RANGE_LOOP_ANALYSIS = YES;
				CLANG_WARN_STRICT_PROTOTYPES = YES;
				CLANG_WARN_SUSPICIOUS_MOVE = YES;
				CLANG_WARN_UNGUARDED_AVAILABILITY = YES_AGGRESSIVE;
				CLANG_WARN_UNREACHABLE_CODE = YES;
				CLANG_WARN__DUPLICATE_METHOD_MATCH = YES;
				COPY_PHASE_STRIP = NO;
				DEBUG_INFORMATION_FORMAT = dwarf;
				ENABLE_BITCODE = NO;
				ENABLE_STRICT_OBJC_MSGSEND = YES;
				ENABLE_TESTABILITY = YES;
				GCC_C_LANGUAGE_STANDARD = gnu11;
				GCC_DYNAMIC_NO_PIC = NO;
				GCC_NO_COMMON_BLOCKS = YES;
				GCC_OPTIMIZATION_LEVEL = 0;
				GCC_PREPROCESSOR_DEFINITIONS = (
					"$(inherited)",
					"DEBUG=1",
				);
				GCC_WARN_64_TO_32_BIT_CONVERSION = YES;
				GCC_WARN_ABOUT_RETURN_TYPE = YES_ERROR;
				GCC_WARN_UNDECLARED_SELECTOR = YES;
				GCC_WARN_UNINITIALIZED_AUTOS = YES_AGGRESSIVE;
				GCC_WARN_UNUSED_FUNCTION = YES;
				GCC_WARN_UNUSED_VARIABLE = YES;
				IPHONEOS_DEPLOYMENT_TARGET = 9.0;
				MTL_ENABLE_DEBUG_INFO = YES;
				ONLY_ACTIVE_ARCH = YES;
				PRODUCT_NAME = "$(TARGET_NAME)";
				SDKROOT = iphoneos;
				SWIFT_ACTIVE_COMPILATION_CONDITIONS = DEBUG;
				SWIFT_OPTIMIZATION_LEVEL = "-Onone";
				SWIFT_VERSION = 5.0;
			};
			name = Debug;
		};
		88552337ECAEFB55B467AEBE49F8E545 /* Release */ = {
			isa = XCBuildConfiguration;
			buildSettings = {
				BUNDLE_LOADER = "$(TEST_HOST)";
				FRAMEWORK_SEARCH_PATHS = (
					"$(inherited)",
					"$(PROJECT_DIR)/Carthage/Build/iOS",
				);
				LD_RUNPATH_SEARCH_PATHS = (
					"$(inherited)",
					"@executable_path/Frameworks",
					"@loader_path/Frameworks",
				);
				PRODUCT_BUNDLE_IDENTIFIER = "org.dronecode.sdk.Dronecode-SDK-SwiftIntegrationTests";
				SDKROOT = iphoneos;
				TARGETED_DEVICE_FAMILY = "1,2";
			};
			name = Release;
		};
		8A2D544291ED0EFEE1C95C7680D383E3 /* Debug */ = {
			isa = XCBuildConfiguration;
			buildSettings = {
				BUNDLE_LOADER = "$(TEST_HOST)";
				FRAMEWORK_SEARCH_PATHS = (
					"$(inherited)",
					"$(PROJECT_DIR)/Carthage/Build/iOS",
				);
				LD_RUNPATH_SEARCH_PATHS = (
					"$(inherited)",
					"@executable_path/Frameworks",
					"@loader_path/Frameworks",
				);
				OTHER_LDFLAGS = "";
				PRODUCT_BUNDLE_IDENTIFIER = "org.dronecode.sdk.Dronecode-SDK-SwiftTests";
				SDKROOT = iphoneos;
				SWIFT_OPTIMIZATION_LEVEL = "-Onone";
				TARGETED_DEVICE_FAMILY = "1,2";
			};
			name = Debug;
		};
		C245E54D04DE90258D8A2F71075C5F06 /* Debug */ = {
			isa = XCBuildConfiguration;
			buildSettings = {
				CODE_SIGN_IDENTITY = "";
				CURRENT_PROJECT_VERSION = 1;
				DEFINES_MODULE = YES;
				DYLIB_COMPATIBILITY_VERSION = 1;
				DYLIB_CURRENT_VERSION = 1;
				DYLIB_INSTALL_NAME_BASE = "@rpath";
				FRAMEWORK_SEARCH_PATHS = (
					"$(inherited)",
					"$(PROJECT_DIR)/Carthage/Build/iOS",
				);
				INFOPLIST_FILE = "Sources/Dronecode-SDK-Swift/Info.plist";
				INSTALL_PATH = "$(LOCAL_LIBRARY_DIR)/Frameworks";
				LD_RUNPATH_SEARCH_PATHS = (
					"$(inherited)",
					"@executable_path/Frameworks",
				);
				PRODUCT_BUNDLE_IDENTIFIER = "org.dronecode.sdk.Dronecode-SDK-Swift";
				SDKROOT = iphoneos;
				SKIP_INSTALL = YES;
				TARGETED_DEVICE_FAMILY = "1,2";
				VERSIONING_SYSTEM = "apple-generic";
			};
			name = Debug;
		};
		F0EB9CC06989F047CCCA38637FA7A61A /* Release */ = {
			isa = XCBuildConfiguration;
			buildSettings = {
				CODE_SIGN_IDENTITY = "";
				CURRENT_PROJECT_VERSION = 1;
				DEFINES_MODULE = YES;
				DYLIB_COMPATIBILITY_VERSION = 1;
				DYLIB_CURRENT_VERSION = 1;
				DYLIB_INSTALL_NAME_BASE = "@rpath";
				FRAMEWORK_SEARCH_PATHS = (
					"$(inherited)",
					"$(PROJECT_DIR)/Carthage/Build/iOS",
				);
				INFOPLIST_FILE = "Sources/Dronecode-SDK-Swift/Info.plist";
				INSTALL_PATH = "$(LOCAL_LIBRARY_DIR)/Frameworks";
				LD_RUNPATH_SEARCH_PATHS = (
					"$(inherited)",
					"@executable_path/Frameworks",
				);
				PRODUCT_BUNDLE_IDENTIFIER = "org.dronecode.sdk.Dronecode-SDK-Swift";
				SDKROOT = iphoneos;
				SKIP_INSTALL = YES;
				TARGETED_DEVICE_FAMILY = "1,2";
				VERSIONING_SYSTEM = "apple-generic";
			};
			name = Release;
		};
/* End XCBuildConfiguration section */

/* Begin XCConfigurationList section */
		42741FE0C22B10393E8948E82499F05C /* Build configuration list for PBXProject "Dronecode-SDK-Swift" */ = {
			isa = XCConfigurationList;
			buildConfigurations = (
				60D031981F7ADE5C95FE6325776BC0F8 /* Debug */,
				2B0FAE0E8A75B4C134D9DF3E6DC96539 /* Release */,
			);
			defaultConfigurationIsVisible = 0;
			defaultConfigurationName = Debug;
		};
		68DD49B76308E33A632629DB84E3E67D /* Build configuration list for PBXNativeTarget "Dronecode_SDK_SwiftTests" */ = {
			isa = XCConfigurationList;
			buildConfigurations = (
				8A2D544291ED0EFEE1C95C7680D383E3 /* Debug */,
				48ADF80A706730BAD77D0FBD7CC6825D /* Release */,
			);
			defaultConfigurationIsVisible = 0;
			defaultConfigurationName = "";
		};
		8563CE4D90A446480D1D08E784DDA4D5 /* Build configuration list for PBXNativeTarget "Dronecode_SDK_Swift" */ = {
			isa = XCConfigurationList;
			buildConfigurations = (
				C245E54D04DE90258D8A2F71075C5F06 /* Debug */,
				F0EB9CC06989F047CCCA38637FA7A61A /* Release */,
			);
			defaultConfigurationIsVisible = 0;
			defaultConfigurationName = "";
		};
		AB37A9EFE3D3874A389684607D53E565 /* Build configuration list for PBXNativeTarget "Dronecode_SDK_SwiftIntegrationTests" */ = {
			isa = XCConfigurationList;
			buildConfigurations = (
				41EC190E71E7FF777F40645AB4FE605F /* Debug */,
				88552337ECAEFB55B467AEBE49F8E545 /* Release */,
			);
			defaultConfigurationIsVisible = 0;
			defaultConfigurationName = "";
		};
/* End XCConfigurationList section */
	};
	rootObject = A36F967122763708B424386BCA1FC1FC /* Project object */;
}
